{
  "version": 4,
  "terraform_version": "0.12.23",
  "serial": 160,
  "lineage": "9c9cee08-429a-f446-a900-52a35264f78a",
  "outputs": {},
  "resources": [
    {
      "module": "module.vpc_saopaulo",
      "mode": "data",
      "type": "aws_availability_zones",
      "name": "available",
      "provider": "provider.aws.proxy_saopaulo",
      "instances": [
        {
          "schema_version": 0,
          "attributes": {
            "blacklisted_names": null,
            "blacklisted_zone_ids": null,
            "id": "2020-03-27 08:29:58.110968 +0000 UTC",
            "names": [
              "sa-east-1a",
              "sa-east-1b",
              "sa-east-1c"
            ],
            "state": null,
            "zone_ids": [
              "sae1-az1",
              "sae1-az2",
              "sae1-az3"
            ]
          }
        }
      ]
    },
    {
      "module": "module.vpc_peering_saopaulo_to_frankfurt",
      "mode": "data",
      "type": "aws_caller_identity",
      "name": "peer",
      "provider": "provider.aws.core",
      "instances": [
        {
          "schema_version": 0,
          "attributes": {
            "account_id": "726332586568",
            "arn": "arn:aws:iam::726332586568:user/Xinlu",
            "id": "2020-03-27 08:29:58.648555 +0000 UTC",
            "user_id": "AIDAI2GOS3C6SS6GLS422"
          }
        }
      ]
    },
    {
      "module": "module.vpc_peering_saopaulo_to_frankfurt",
      "mode": "data",
      "type": "aws_caller_identity",
      "name": "this",
      "provider": "provider.aws.proxy_saopaulo",
      "instances": [
        {
          "schema_version": 0,
          "attributes": {
            "account_id": "726332586568",
            "arn": "arn:aws:iam::726332586568:user/Xinlu",
            "id": "2020-03-27 08:30:04.697009 +0000 UTC",
            "user_id": "AIDAI2GOS3C6SS6GLS422"
          }
        }
      ]
    },
    {
      "module": "module.vpc_saopaulo.module.vpc",
      "mode": "data",
      "type": "aws_iam_policy_document",
      "name": "flow_log_cloudwatch_assume_role",
      "each": "list",
      "provider": "provider.aws.proxy_saopaulo",
      "instances": []
    },
    {
      "module": "module.vpc_saopaulo.module.vpc",
      "mode": "data",
      "type": "aws_iam_policy_document",
      "name": "vpc_flow_log_cloudwatch",
      "each": "list",
      "provider": "provider.aws.proxy_saopaulo",
      "instances": []
    },
    {
      "module": "module.vpc_peering_saopaulo_to_frankfurt",
      "mode": "data",
      "type": "aws_region",
      "name": "peer",
      "provider": "provider.aws.core",
      "instances": [
        {
          "schema_version": 0,
          "attributes": {
            "current": null,
            "description": "EU (Frankfurt)",
            "endpoint": "ec2.eu-central-1.amazonaws.com",
            "id": "eu-central-1",
            "name": "eu-central-1"
          }
        }
      ]
    },
    {
      "module": "module.vpc_peering_saopaulo_to_frankfurt",
      "mode": "data",
      "type": "aws_region",
      "name": "this",
      "provider": "provider.aws.proxy_saopaulo",
      "instances": [
        {
          "schema_version": 0,
          "attributes": {
            "current": null,
            "description": "South America (Sao Paulo)",
            "endpoint": "ec2.sa-east-1.amazonaws.com",
            "id": "sa-east-1",
            "name": "sa-east-1"
          }
        }
      ]
    },
    {
      "module": "module.ingest_proxy_saopaulo",
      "mode": "data",
      "type": "aws_route53_zone",
      "name": "zone",
      "provider": "provider.aws.proxy_saopaulo",
      "instances": [
        {
          "schema_version": 0,
          "attributes": {
            "caller_reference": "terraform-20181106010555633000000001",
            "comment": "DLive TV production environment zone",
            "id": "Z3NNF6VVITX1DB",
            "linked_service_description": null,
            "linked_service_principal": null,
            "name": "prd.dlive.tv.",
            "name_servers": [
              "ns-826.awsdns-39.net",
              "ns-1398.awsdns-46.org",
              "ns-308.awsdns-38.com",
              "ns-1979.awsdns-55.co.uk"
            ],
            "private_zone": false,
            "resource_record_set_count": 93,
            "tags": {},
            "vpc_id": null,
            "zone_id": "Z3NNF6VVITX1DB"
          }
        }
      ]
    },
    {
      "module": "module.vpc_peering_saopaulo_to_frankfurt",
      "mode": "data",
      "type": "aws_route_tables",
      "name": "peer_vpc_rts",
      "provider": "provider.aws.core",
      "instances": [
        {
          "schema_version": 0,
          "attributes": {
            "filter": null,
            "id": "terraform-20200327082958344000000001",
            "ids": [
              "rtb-0091bbadbca0e389f",
              "rtb-05e8ef85c2817d46c",
              "rtb-06e3180565ae196fd",
              "rtb-07504082bd25d356d",
              "rtb-0aedf2b3d1004f5c4"
            ],
            "tags": null,
            "vpc_id": "vpc-0e69ca109fd8fd88b"
          }
        }
      ]
    },
    {
      "module": "module.vpc_peering_saopaulo_to_frankfurt",
      "mode": "data",
      "type": "aws_route_tables",
      "name": "this_vpc_rts",
      "provider": "provider.aws.proxy_saopaulo",
      "instances": [
        {
          "schema_version": 0,
          "attributes": {
            "filter": null,
            "id": "terraform-20200327083031019400000001",
            "ids": [
              "rtb-0289cdf0bf19e1b9f",
              "rtb-0555bde6732a1355b",
              "rtb-0b10e50993a7c9cdc",
              "rtb-0b22e658298f9891c",
              "rtb-0de02b926f969ca33"
            ],
            "tags": null,
            "vpc_id": "vpc-07427be573f6c9db1"
          }
        }
      ]
    },
    {
      "module": "module.vpc_peering_saopaulo_to_frankfurt",
      "mode": "data",
      "type": "aws_vpc",
      "name": "peer_vpc",
      "provider": "provider.aws.core",
      "instances": [
        {
          "schema_version": 0,
          "attributes": {
            "arn": "arn:aws:ec2:eu-central-1:726332586568:vpc/vpc-0e69ca109fd8fd88b",
            "cidr_block": "10.0.0.0/16",
            "cidr_block_associations": [
              {
                "association_id": "vpc-cidr-assoc-0c4557491f48ff209",
                "cidr_block": "10.0.0.0/16",
                "state": "associated"
              }
            ],
            "default": false,
            "dhcp_options_id": "dopt-a6b015cd",
            "enable_dns_hostnames": true,
            "enable_dns_support": true,
            "filter": null,
            "id": "vpc-0e69ca109fd8fd88b",
            "instance_tenancy": "default",
            "ipv6_association_id": null,
            "ipv6_cidr_block": null,
            "main_route_table_id": "rtb-06e3180565ae196fd",
            "owner_id": "726332586568",
            "state": "available",
            "tags": {
              "Name": "prd-stream-core",
              "kubernetes.io/cluster/prd-stream-core-a": "shared",
              "kubernetes.io/cluster/prd-stream-core-b": "shared",
              "terraform": "true"
            }
          }
        }
      ]
    },
    {
      "module": "module.vpc_peering_saopaulo_to_frankfurt",
      "mode": "data",
      "type": "aws_vpc",
      "name": "this_vpc",
      "provider": "provider.aws.proxy_saopaulo",
      "instances": [
        {
          "schema_version": 0,
          "attributes": {
            "arn": "arn:aws:ec2:sa-east-1:726332586568:vpc/vpc-07427be573f6c9db1",
            "cidr_block": "10.6.0.0/16",
            "cidr_block_associations": [
              {
                "association_id": "vpc-cidr-assoc-02a3d1b87f4ed74c3",
                "cidr_block": "10.6.0.0/16",
                "state": "associated"
              }
            ],
            "default": false,
            "dhcp_options_id": "dopt-131e3b77",
            "enable_dns_hostnames": true,
            "enable_dns_support": true,
            "filter": null,
            "id": "vpc-07427be573f6c9db1",
            "instance_tenancy": "default",
            "ipv6_association_id": null,
            "ipv6_cidr_block": null,
            "main_route_table_id": "rtb-0289cdf0bf19e1b9f",
            "owner_id": "726332586568",
            "state": "available",
            "tags": {
              "Name": "prd-stream-multi-saopaulo",
              "terraform": "true"
            }
          }
        }
      ]
    },
    {
      "module": "module.vpc_saopaulo.module.vpc",
      "mode": "data",
      "type": "aws_vpc_endpoint_service",
      "name": "apigw",
      "each": "list",
      "provider": "provider.aws.proxy_saopaulo",
      "instances": []
    },
    {
      "module": "module.vpc_saopaulo.module.vpc",
      "mode": "data",
      "type": "aws_vpc_endpoint_service",
      "name": "appmesh_envoy_management",
      "each": "list",
      "provider": "provider.aws.proxy_saopaulo",
      "instances": []
    },
    {
      "module": "module.vpc_saopaulo.module.vpc",
      "mode": "data",
      "type": "aws_vpc_endpoint_service",
      "name": "appstream",
      "each": "list",
      "provider": "provider.aws.proxy_saopaulo",
      "instances": []
    },
    {
      "module": "module.vpc_saopaulo.module.vpc",
      "mode": "data",
      "type": "aws_vpc_endpoint_service",
      "name": "athena",
      "each": "list",
      "provider": "provider.aws.proxy_saopaulo",
      "instances": []
    },
    {
      "module": "module.vpc_saopaulo.module.vpc",
      "mode": "data",
      "type": "aws_vpc_endpoint_service",
      "name": "cloud_directory",
      "each": "list",
      "provider": "provider.aws.proxy_saopaulo",
      "instances": []
    },
    {
      "module": "module.vpc_saopaulo.module.vpc",
      "mode": "data",
      "type": "aws_vpc_endpoint_service",
      "name": "cloudformation",
      "each": "list",
      "provider": "provider.aws.proxy_saopaulo",
      "instances": []
    },
    {
      "module": "module.vpc_saopaulo.module.vpc",
      "mode": "data",
      "type": "aws_vpc_endpoint_service",
      "name": "cloudtrail",
      "each": "list",
      "provider": "provider.aws.proxy_saopaulo",
      "instances": []
    },
    {
      "module": "module.vpc_saopaulo.module.vpc",
      "mode": "data",
      "type": "aws_vpc_endpoint_service",
      "name": "codebuild",
      "each": "list",
      "provider": "provider.aws.proxy_saopaulo",
      "instances": []
    },
    {
      "module": "module.vpc_saopaulo.module.vpc",
      "mode": "data",
      "type": "aws_vpc_endpoint_service",
      "name": "codecommit",
      "each": "list",
      "provider": "provider.aws.proxy_saopaulo",
      "instances": []
    },
    {
      "module": "module.vpc_saopaulo.module.vpc",
      "mode": "data",
      "type": "aws_vpc_endpoint_service",
      "name": "codepipeline",
      "each": "list",
      "provider": "provider.aws.proxy_saopaulo",
      "instances": []
    },
    {
      "module": "module.vpc_saopaulo.module.vpc",
      "mode": "data",
      "type": "aws_vpc_endpoint_service",
      "name": "config",
      "each": "list",
      "provider": "provider.aws.proxy_saopaulo",
      "instances": []
    },
    {
      "module": "module.vpc_saopaulo.module.vpc",
      "mode": "data",
      "type": "aws_vpc_endpoint_service",
      "name": "dynamodb",
      "each": "list",
      "provider": "provider.aws.proxy_saopaulo",
      "instances": []
    },
    {
      "module": "module.vpc_saopaulo.module.vpc",
      "mode": "data",
      "type": "aws_vpc_endpoint_service",
      "name": "ec2",
      "each": "list",
      "provider": "provider.aws.proxy_saopaulo",
      "instances": []
    },
    {
      "module": "module.vpc_saopaulo.module.vpc",
      "mode": "data",
      "type": "aws_vpc_endpoint_service",
      "name": "ec2messages",
      "each": "list",
      "provider": "provider.aws.proxy_saopaulo",
      "instances": []
    },
    {
      "module": "module.vpc_saopaulo.module.vpc",
      "mode": "data",
      "type": "aws_vpc_endpoint_service",
      "name": "ecr_api",
      "each": "list",
      "provider": "provider.aws.proxy_saopaulo",
      "instances": []
    },
    {
      "module": "module.vpc_saopaulo.module.vpc",
      "mode": "data",
      "type": "aws_vpc_endpoint_service",
      "name": "ecr_dkr",
      "each": "list",
      "provider": "provider.aws.proxy_saopaulo",
      "instances": []
    },
    {
      "module": "module.vpc_saopaulo.module.vpc",
      "mode": "data",
      "type": "aws_vpc_endpoint_service",
      "name": "ecs",
      "each": "list",
      "provider": "provider.aws.proxy_saopaulo",
      "instances": []
    },
    {
      "module": "module.vpc_saopaulo.module.vpc",
      "mode": "data",
      "type": "aws_vpc_endpoint_service",
      "name": "ecs_agent",
      "each": "list",
      "provider": "provider.aws.proxy_saopaulo",
      "instances": []
    },
    {
      "module": "module.vpc_saopaulo.module.vpc",
      "mode": "data",
      "type": "aws_vpc_endpoint_service",
      "name": "ecs_telemetry",
      "each": "list",
      "provider": "provider.aws.proxy_saopaulo",
      "instances": []
    },
    {
      "module": "module.vpc_saopaulo.module.vpc",
      "mode": "data",
      "type": "aws_vpc_endpoint_service",
      "name": "efs",
      "each": "list",
      "provider": "provider.aws.proxy_saopaulo",
      "instances": []
    },
    {
      "module": "module.vpc_saopaulo.module.vpc",
      "mode": "data",
      "type": "aws_vpc_endpoint_service",
      "name": "elasticloadbalancing",
      "each": "list",
      "provider": "provider.aws.proxy_saopaulo",
      "instances": []
    },
    {
      "module": "module.vpc_saopaulo.module.vpc",
      "mode": "data",
      "type": "aws_vpc_endpoint_service",
      "name": "events",
      "each": "list",
      "provider": "provider.aws.proxy_saopaulo",
      "instances": []
    },
    {
      "module": "module.vpc_saopaulo.module.vpc",
      "mode": "data",
      "type": "aws_vpc_endpoint_service",
      "name": "git_codecommit",
      "each": "list",
      "provider": "provider.aws.proxy_saopaulo",
      "instances": []
    },
    {
      "module": "module.vpc_saopaulo.module.vpc",
      "mode": "data",
      "type": "aws_vpc_endpoint_service",
      "name": "glue",
      "each": "list",
      "provider": "provider.aws.proxy_saopaulo",
      "instances": []
    },
    {
      "module": "module.vpc_saopaulo.module.vpc",
      "mode": "data",
      "type": "aws_vpc_endpoint_service",
      "name": "kinesis_firehose",
      "each": "list",
      "provider": "provider.aws.proxy_saopaulo",
      "instances": []
    },
    {
      "module": "module.vpc_saopaulo.module.vpc",
      "mode": "data",
      "type": "aws_vpc_endpoint_service",
      "name": "kinesis_streams",
      "each": "list",
      "provider": "provider.aws.proxy_saopaulo",
      "instances": []
    },
    {
      "module": "module.vpc_saopaulo.module.vpc",
      "mode": "data",
      "type": "aws_vpc_endpoint_service",
      "name": "kms",
      "each": "list",
      "provider": "provider.aws.proxy_saopaulo",
      "instances": []
    },
    {
      "module": "module.vpc_saopaulo.module.vpc",
      "mode": "data",
      "type": "aws_vpc_endpoint_service",
      "name": "logs",
      "each": "list",
      "provider": "provider.aws.proxy_saopaulo",
      "instances": []
    },
    {
      "module": "module.vpc_saopaulo.module.vpc",
      "mode": "data",
      "type": "aws_vpc_endpoint_service",
      "name": "monitoring",
      "each": "list",
      "provider": "provider.aws.proxy_saopaulo",
      "instances": []
    },
    {
      "module": "module.vpc_saopaulo.module.vpc",
      "mode": "data",
      "type": "aws_vpc_endpoint_service",
      "name": "rekognition",
      "each": "list",
      "provider": "provider.aws.proxy_saopaulo",
      "instances": []
    },
    {
      "module": "module.vpc_saopaulo.module.vpc",
      "mode": "data",
      "type": "aws_vpc_endpoint_service",
      "name": "s3",
      "each": "list",
      "provider": "provider.aws.proxy_saopaulo",
      "instances": []
    },
    {
      "module": "module.vpc_saopaulo.module.vpc",
      "mode": "data",
      "type": "aws_vpc_endpoint_service",
      "name": "sagemaker_api",
      "each": "list",
      "provider": "provider.aws.proxy_saopaulo",
      "instances": []
    },
    {
      "module": "module.vpc_saopaulo.module.vpc",
      "mode": "data",
      "type": "aws_vpc_endpoint_service",
      "name": "sagemaker_notebook",
      "each": "list",
      "provider": "provider.aws.proxy_saopaulo",
      "instances": []
    },
    {
      "module": "module.vpc_saopaulo.module.vpc",
      "mode": "data",
      "type": "aws_vpc_endpoint_service",
      "name": "sagemaker_runtime",
      "each": "list",
      "provider": "provider.aws.proxy_saopaulo",
      "instances": []
    },
    {
      "module": "module.vpc_saopaulo.module.vpc",
      "mode": "data",
      "type": "aws_vpc_endpoint_service",
      "name": "secretsmanager",
      "each": "list",
      "provider": "provider.aws.proxy_saopaulo",
      "instances": []
    },
    {
      "module": "module.vpc_saopaulo.module.vpc",
      "mode": "data",
      "type": "aws_vpc_endpoint_service",
      "name": "servicecatalog",
      "each": "list",
      "provider": "provider.aws.proxy_saopaulo",
      "instances": []
    },
    {
      "module": "module.vpc_saopaulo.module.vpc",
      "mode": "data",
      "type": "aws_vpc_endpoint_service",
      "name": "sns",
      "each": "list",
      "provider": "provider.aws.proxy_saopaulo",
      "instances": []
    },
    {
      "module": "module.vpc_saopaulo.module.vpc",
      "mode": "data",
      "type": "aws_vpc_endpoint_service",
      "name": "sqs",
      "each": "list",
      "provider": "provider.aws.proxy_saopaulo",
      "instances": []
    },
    {
      "module": "module.vpc_saopaulo.module.vpc",
      "mode": "data",
      "type": "aws_vpc_endpoint_service",
      "name": "ssm",
      "each": "list",
      "provider": "provider.aws.proxy_saopaulo",
      "instances": []
    },
    {
      "module": "module.vpc_saopaulo.module.vpc",
      "mode": "data",
      "type": "aws_vpc_endpoint_service",
      "name": "ssmmessages",
      "each": "list",
      "provider": "provider.aws.proxy_saopaulo",
      "instances": []
    },
    {
      "module": "module.vpc_saopaulo.module.vpc",
      "mode": "data",
      "type": "aws_vpc_endpoint_service",
      "name": "storagegateway",
      "each": "list",
      "provider": "provider.aws.proxy_saopaulo",
      "instances": []
    },
    {
      "module": "module.vpc_saopaulo.module.vpc",
      "mode": "data",
      "type": "aws_vpc_endpoint_service",
      "name": "sts",
      "each": "list",
      "provider": "provider.aws.proxy_saopaulo",
      "instances": []
    },
    {
      "module": "module.vpc_saopaulo.module.vpc",
      "mode": "data",
      "type": "aws_vpc_endpoint_service",
      "name": "transfer",
      "each": "list",
      "provider": "provider.aws.proxy_saopaulo",
      "instances": []
    },
    {
      "module": "module.vpc_saopaulo.module.vpc",
      "mode": "data",
      "type": "aws_vpc_endpoint_service",
      "name": "transferserver",
      "each": "list",
      "provider": "provider.aws.proxy_saopaulo",
      "instances": []
    },
    {
      "module": "module.workstation",
      "mode": "data",
      "type": "http",
      "name": "workstation_external_ip",
      "provider": "provider.http",
      "instances": [
        {
          "schema_version": 0,
          "attributes": {
            "body": "101.99.64.65\n",
            "id": "2020-03-27 08:29:50.886214 +0000 UTC",
            "request_headers": null,
            "response_headers": {
              "Access-Control-Allow-Methods": "GET",
              "Access-Control-Allow-Origin": "*",
              "Alt-Svc": "h3-27=\":443\"; ma=86400, h3-25=\":443\"; ma=86400, h3-24=\":443\"; ma=86400, h3-23=\":443\"; ma=86400",
              "Cf-Ray": "57a7bef8b88a7570-KUL",
              "Connection": "keep-alive",
              "Content-Length": "13",
              "Content-Type": "text/plain",
              "Date": "Fri, 27 Mar 2020 08:29:50 GMT",
              "Server": "cloudflare",
              "Set-Cookie": "__cfduid=df49b01e647c6a5a8b55f98e7b9b1bb271585297790; expires=Sun, 26-Apr-20 08:29:50 GMT; path=/; domain=.icanhazip.com; HttpOnly; SameSite=Lax",
              "Vary": "Accept-Encoding",
              "X-Rtfm": "Learn about this site at http://bit.ly/icanhazip-faq and do not abuse the service.",
              "X-Security": "This site DOES NOT distribute malware. Get the facts. https://goo.gl/1FhVpg",
              "X-Worker-Version": "20190626_1"
            },
            "url": "http://ipv4.icanhazip.com"
          }
        }
      ]
    },
    {
      "mode": "data",
      "type": "template_file",
      "name": "all",
      "provider": "provider.template",
      "instances": [
        {
          "schema_version": 0,
          "attributes": {
            "filename": null,
            "id": "19c166319e170d1a0a1c7a2a668c6006fb854b3e9a44a989925bdebc943a0191",
            "rendered": "[balancer]\n10.6.43.231 dns=ec2-54-233-90-74.sa-east-1.compute.amazonaws.com instance_id=i-0aaee8be426f5a478 alloc_id=ip-10-6-43-231.sa-east-1.compute.internal\n\n[all:vars]\nansible_ssh_private_key_file=~/prd-stream-v20200324.pem\nansible_user=ubuntu\nregion=saopaulo\nenv_region_tag=prd_saopaulo\nv_tag=v200324",
            "template": "[balancer]\n${part1}\n\n[all:vars]\nansible_ssh_private_key_file=~/${key_name}.pem\nansible_user=ubuntu\nregion=${region}\nenv_region_tag=${env}_${region}\nv_tag=${v_tag}",
            "vars": {
              "env": "prd",
              "key_name": "prd-stream-v20200324",
              "part1": "10.6.43.231 dns=ec2-54-233-90-74.sa-east-1.compute.amazonaws.com instance_id=i-0aaee8be426f5a478 alloc_id=ip-10-6-43-231.sa-east-1.compute.internal",
              "region": "saopaulo",
              "v_tag": "v200324"
            }
          }
        }
      ]
    },
    {
      "mode": "data",
      "type": "template_file",
      "name": "part1",
      "each": "list",
      "provider": "provider.template",
      "instances": [
        {
          "index_key": 0,
          "schema_version": 0,
          "attributes": {
            "filename": null,
            "id": "6a8769374f8b5fd55cac0351121abd31f9d86afe1b9dd0a846d4aa28622f8c7f",
            "rendered": "10.6.43.231 dns=ec2-54-233-90-74.sa-east-1.compute.amazonaws.com instance_id=i-0aaee8be426f5a478 alloc_id=ip-10-6-43-231.sa-east-1.compute.internal",
            "template": "${ingest_proxy_private_ip} dns=${ingest_proxy_dns} instance_id=${ingest_proxy_instance_id} alloc_id=${ingest_proxy_eip_alloc_id}",
            "vars": {
              "ingest_proxy_dns": "ec2-54-233-90-74.sa-east-1.compute.amazonaws.com",
              "ingest_proxy_eip_alloc_id": "ip-10-6-43-231.sa-east-1.compute.internal",
              "ingest_proxy_instance_id": "i-0aaee8be426f5a478",
              "ingest_proxy_private_ip": "10.6.43.231",
              "ingest_proxy_public_ip": "54.233.90.74"
            }
          }
        }
      ]
    },
    {
      "module": "module.vpc_saopaulo.module.vpc",
      "mode": "managed",
      "type": "aws_cloudwatch_log_group",
      "name": "flow_log",
      "each": "list",
      "provider": "provider.aws.proxy_saopaulo",
      "instances": []
    },
    {
      "module": "module.vpc_saopaulo.module.vpc",
      "mode": "managed",
      "type": "aws_customer_gateway",
      "name": "this",
      "each": "map",
      "provider": "provider.aws.proxy_saopaulo",
      "instances": []
    },
    {
      "module": "module.vpc_saopaulo.module.vpc",
      "mode": "managed",
      "type": "aws_db_subnet_group",
      "name": "database",
      "each": "list",
      "provider": "provider.aws.proxy_saopaulo",
      "instances": []
    },
    {
      "module": "module.vpc_saopaulo.module.vpc",
      "mode": "managed",
      "type": "aws_default_network_acl",
      "name": "this",
      "each": "list",
      "provider": "provider.aws.proxy_saopaulo",
      "instances": []
    },
    {
      "module": "module.vpc_saopaulo.module.vpc",
      "mode": "managed",
      "type": "aws_default_vpc",
      "name": "this",
      "each": "list",
      "provider": "provider.aws.proxy_saopaulo",
      "instances": []
    },
    {
      "module": "module.vpc_saopaulo.module.vpc",
      "mode": "managed",
      "type": "aws_egress_only_internet_gateway",
      "name": "this",
      "each": "list",
      "provider": "provider.aws.proxy_saopaulo",
      "instances": []
    },
    {
      "module": "module.ingest_proxy_saopaulo",
      "mode": "managed",
      "type": "aws_eip",
      "name": "ingest_proxy",
      "each": "list",
      "provider": "provider.aws.proxy_saopaulo",
      "instances": [
        {
          "index_key": 0,
          "schema_version": 0,
          "attributes": {
            "allocation_id": null,
            "associate_with_private_ip": null,
            "association_id": "eipassoc-064e2a05d676d70cc",
            "domain": "vpc",
            "id": "eipalloc-0bf46882f2ee204ac",
            "instance": "i-0aaee8be426f5a478",
            "network_interface": "eni-0aeb7cb18d47ce47f",
            "private_dns": "ip-10-6-43-231.sa-east-1.compute.internal",
            "private_ip": "10.6.43.231",
            "public_dns": "ec2-54-233-90-74.sa-east-1.compute.amazonaws.com",
            "public_ip": "54.233.90.74",
            "public_ipv4_pool": "amazon",
            "tags": {
              "Name": "v200324-malibu-proxy-0"
            },
            "timeouts": null,
            "vpc": true
          },
          "private": "eyJlMmJmYjczMC1lY2FhLTExZTYtOGY4OC0zNDM2M2JjN2M0YzAiOnsiZGVsZXRlIjoxODAwMDAwMDAwMDAsInJlYWQiOjkwMDAwMDAwMDAwMCwidXBkYXRlIjozMDAwMDAwMDAwMDB9fQ==",
          "dependencies": [
            "module.ingest_proxy_saopaulo.aws_instance.ingest_proxy"
          ]
        }
      ]
    },
    {
      "module": "module.vpc_saopaulo.module.vpc",
      "mode": "managed",
      "type": "aws_eip",
      "name": "nat",
      "each": "list",
      "provider": "provider.aws.proxy_saopaulo",
      "instances": [
        {
          "index_key": 0,
          "schema_version": 0,
          "attributes": {
            "allocation_id": null,
            "associate_with_private_ip": null,
            "association_id": "eipassoc-082fb7f4",
            "domain": "vpc",
            "id": "eipalloc-049a7cd45a1c39f97",
            "instance": "",
            "network_interface": "eni-0f098ffaf25311e69",
            "private_dns": "ip-10-6-51-115.sa-east-1.compute.internal",
            "private_ip": "10.6.51.115",
            "public_dns": "ec2-54-207-76-143.sa-east-1.compute.amazonaws.com",
            "public_ip": "54.207.76.143",
            "public_ipv4_pool": "amazon",
            "tags": {
              "Name": "prd-stream-multi-saopaulo-sa-east-1a",
              "terraform": "true"
            },
            "timeouts": null,
            "vpc": true
          },
          "private": "eyJlMmJmYjczMC1lY2FhLTExZTYtOGY4OC0zNDM2M2JjN2M0YzAiOnsiZGVsZXRlIjoxODAwMDAwMDAwMDAsInJlYWQiOjkwMDAwMDAwMDAwMCwidXBkYXRlIjozMDAwMDAwMDAwMDB9fQ=="
        },
        {
          "index_key": 1,
          "schema_version": 0,
          "attributes": {
            "allocation_id": null,
            "associate_with_private_ip": null,
            "association_id": "eipassoc-5f1cf592",
            "domain": "vpc",
            "id": "eipalloc-0da0ff312c93de84e",
            "instance": "",
            "network_interface": "eni-0abe2eef2aa1325ab",
            "private_dns": "ip-10-6-100-198.sa-east-1.compute.internal",
            "private_ip": "10.6.100.198",
            "public_dns": "ec2-18-228-77-240.sa-east-1.compute.amazonaws.com",
            "public_ip": "18.228.77.240",
            "public_ipv4_pool": "amazon",
            "tags": {
              "Name": "prd-stream-multi-saopaulo-sa-east-1b",
              "terraform": "true"
            },
            "timeouts": null,
            "vpc": true
          },
          "private": "eyJlMmJmYjczMC1lY2FhLTExZTYtOGY4OC0zNDM2M2JjN2M0YzAiOnsiZGVsZXRlIjoxODAwMDAwMDAwMDAsInJlYWQiOjkwMDAwMDAwMDAwMCwidXBkYXRlIjozMDAwMDAwMDAwMDB9fQ=="
        },
        {
          "index_key": 2,
          "schema_version": 0,
          "attributes": {
            "allocation_id": null,
            "associate_with_private_ip": null,
            "association_id": "eipassoc-96f9394c",
            "domain": "vpc",
            "id": "eipalloc-049df8860ad99cef3",
            "instance": "",
            "network_interface": "eni-01dadb54d977f69bf",
            "private_dns": "ip-10-6-191-132.sa-east-1.compute.internal",
            "private_ip": "10.6.191.132",
            "public_dns": "ec2-18-230-19-218.sa-east-1.compute.amazonaws.com",
            "public_ip": "18.230.19.218",
            "public_ipv4_pool": "amazon",
            "tags": {
              "Name": "prd-stream-multi-saopaulo-sa-east-1c",
              "terraform": "true"
            },
            "timeouts": null,
            "vpc": true
          },
          "private": "eyJlMmJmYjczMC1lY2FhLTExZTYtOGY4OC0zNDM2M2JjN2M0YzAiOnsiZGVsZXRlIjoxODAwMDAwMDAwMDAsInJlYWQiOjkwMDAwMDAwMDAwMCwidXBkYXRlIjozMDAwMDAwMDAwMDB9fQ=="
        }
      ]
    },
    {
      "module": "module.vpc_saopaulo.module.vpc",
      "mode": "managed",
      "type": "aws_elasticache_subnet_group",
      "name": "elasticache",
      "each": "list",
      "provider": "provider.aws.proxy_saopaulo",
      "instances": []
    },
    {
      "module": "module.vpc_saopaulo.module.vpc",
      "mode": "managed",
      "type": "aws_flow_log",
      "name": "this",
      "each": "list",
      "provider": "provider.aws.proxy_saopaulo",
      "instances": []
    },
    {
      "module": "module.vpc_saopaulo.module.vpc",
      "mode": "managed",
      "type": "aws_iam_policy",
      "name": "vpc_flow_log_cloudwatch",
      "each": "list",
      "provider": "provider.aws.proxy_saopaulo",
      "instances": []
    },
    {
      "module": "module.vpc_saopaulo.module.vpc",
      "mode": "managed",
      "type": "aws_iam_role",
      "name": "vpc_flow_log_cloudwatch",
      "each": "list",
      "provider": "provider.aws.proxy_saopaulo",
      "instances": []
    },
    {
      "module": "module.vpc_saopaulo.module.vpc",
      "mode": "managed",
      "type": "aws_iam_role_policy_attachment",
      "name": "vpc_flow_log_cloudwatch",
      "each": "list",
      "provider": "provider.aws.proxy_saopaulo",
      "instances": []
    },
    {
      "module": "module.ingest_proxy_saopaulo",
      "mode": "managed",
      "type": "aws_instance",
      "name": "ingest_proxy",
      "each": "list",
      "provider": "provider.aws.proxy_saopaulo",
      "instances": [
        {
          "index_key": 0,
          "schema_version": 1,
          "attributes": {
            "ami": "ami-04238c605b236d53f",
            "arn": "arn:aws:ec2:sa-east-1:726332586568:instance/i-0aaee8be426f5a478",
            "associate_public_ip_address": true,
            "availability_zone": "sa-east-1a",
            "cpu_core_count": 2,
            "cpu_threads_per_core": 1,
            "credit_specification": [
              {
                "cpu_credits": "standard"
              }
            ],
            "disable_api_termination": false,
            "ebs_block_device": [],
            "ebs_optimized": false,
            "ephemeral_block_device": [],
            "get_password_data": false,
            "hibernation": false,
            "host_id": null,
            "iam_instance_profile": "v1111-prd-stream-core-uploader-2018111219382952310000000c",
            "id": "i-0aaee8be426f5a478",
            "instance_initiated_shutdown_behavior": null,
            "instance_state": "running",
            "instance_type": "t2.medium",
            "ipv6_address_count": 0,
            "ipv6_addresses": [],
            "key_name": "prd-stream-v20200324",
            "monitoring": true,
            "network_interface": [],
            "network_interface_id": null,
            "password_data": "",
            "placement_group": "",
            "primary_network_interface_id": "eni-0aeb7cb18d47ce47f",
            "private_dns": "ip-10-6-43-231.sa-east-1.compute.internal",
            "private_ip": "10.6.43.231",
            "public_dns": "ec2-54-233-90-74.sa-east-1.compute.amazonaws.com",
            "public_ip": "54.233.90.74",
            "root_block_device": [
              {
                "delete_on_termination": true,
                "encrypted": false,
                "iops": 100,
                "kms_key_id": "",
                "volume_id": "vol-0d7e51b7c5d21ccf2",
                "volume_size": 25,
                "volume_type": "gp2"
              }
            ],
            "security_groups": [],
            "source_dest_check": true,
            "subnet_id": "subnet-060b5f299b14a7235",
            "tags": {
              "Group": "v200324-malibu-proxy",
              "Name": "v200324-malibu-proxy-0"
            },
            "tenancy": "default",
            "timeouts": null,
            "user_data": null,
            "user_data_base64": null,
            "volume_tags": {},
            "vpc_security_group_ids": [
              "sg-03506d5b56268aed9"
            ]
          },
          "private": "eyJlMmJmYjczMC1lY2FhLTExZTYtOGY4OC0zNDM2M2JjN2M0YzAiOnsiY3JlYXRlIjo2MDAwMDAwMDAwMDAsImRlbGV0ZSI6MTIwMDAwMDAwMDAwMCwidXBkYXRlIjo2MDAwMDAwMDAwMDB9LCJzY2hlbWFfdmVyc2lvbiI6IjEifQ==",
          "dependencies": [
            "module.ingest_proxy_saopaulo.module.sg.aws_security_group.this",
            "module.ingest_proxy_saopaulo.module.sg.aws_security_group.this_name_prefix",
            "module.vpc_saopaulo.module.vpc.aws_subnet.public"
          ]
        }
      ]
    },
    {
      "module": "module.vpc_saopaulo.module.vpc",
      "mode": "managed",
      "type": "aws_internet_gateway",
      "name": "this",
      "each": "list",
      "provider": "provider.aws.proxy_saopaulo",
      "instances": [
        {
          "index_key": 0,
          "schema_version": 0,
          "attributes": {
            "id": "igw-060748ba0bb2c1bc1",
            "owner_id": "726332586568",
            "tags": {
              "Name": "prd-stream-multi-saopaulo",
              "terraform": "true"
            },
            "vpc_id": "vpc-07427be573f6c9db1"
          },
          "private": "bnVsbA==",
          "dependencies": [
            "module.vpc_saopaulo.module.vpc.aws_vpc.this",
            "module.vpc_saopaulo.module.vpc.aws_vpc_ipv4_cidr_block_association.this"
          ]
        }
      ]
    },
    {
      "module": "module.vpc_saopaulo.module.vpc",
      "mode": "managed",
      "type": "aws_nat_gateway",
      "name": "this",
      "each": "list",
      "provider": "provider.aws.proxy_saopaulo",
      "instances": [
        {
          "index_key": 0,
          "schema_version": 0,
          "attributes": {
            "allocation_id": "eipalloc-049a7cd45a1c39f97",
            "id": "nat-0b93ee2d30e67cb4d",
            "network_interface_id": "eni-0f098ffaf25311e69",
            "private_ip": "10.6.51.115",
            "public_ip": "54.207.76.143",
            "subnet_id": "subnet-060b5f299b14a7235",
            "tags": {
              "Name": "prd-stream-multi-saopaulo-sa-east-1a",
              "terraform": "true"
            }
          },
          "private": "bnVsbA==",
          "dependencies": [
            "module.vpc_saopaulo.module.vpc.aws_eip.nat",
            "module.vpc_saopaulo.module.vpc.aws_internet_gateway.this",
            "module.vpc_saopaulo.module.vpc.aws_subnet.public",
            "module.vpc_saopaulo.module.vpc.aws_vpc.this",
            "module.vpc_saopaulo.module.vpc.aws_vpc_ipv4_cidr_block_association.this"
          ]
        },
        {
          "index_key": 1,
          "schema_version": 0,
          "attributes": {
            "allocation_id": "eipalloc-0da0ff312c93de84e",
            "id": "nat-013ad19ca756f9c9c",
            "network_interface_id": "eni-0abe2eef2aa1325ab",
            "private_ip": "10.6.100.198",
            "public_ip": "18.228.77.240",
            "subnet_id": "subnet-0b6a79710ccef2745",
            "tags": {
              "Name": "prd-stream-multi-saopaulo-sa-east-1b",
              "terraform": "true"
            }
          },
          "private": "bnVsbA==",
          "dependencies": [
            "module.vpc_saopaulo.module.vpc.aws_eip.nat",
            "module.vpc_saopaulo.module.vpc.aws_internet_gateway.this",
            "module.vpc_saopaulo.module.vpc.aws_subnet.public",
            "module.vpc_saopaulo.module.vpc.aws_vpc.this",
            "module.vpc_saopaulo.module.vpc.aws_vpc_ipv4_cidr_block_association.this"
          ]
        },
        {
          "index_key": 2,
          "schema_version": 0,
          "attributes": {
            "allocation_id": "eipalloc-049df8860ad99cef3",
            "id": "nat-0b37c367ac1ec4871",
            "network_interface_id": "eni-01dadb54d977f69bf",
            "private_ip": "10.6.191.132",
            "public_ip": "18.230.19.218",
            "subnet_id": "subnet-04f1f4acf97a3b8bb",
            "tags": {
              "Name": "prd-stream-multi-saopaulo-sa-east-1c",
              "terraform": "true"
            }
          },
          "private": "bnVsbA==",
          "dependencies": [
            "module.vpc_saopaulo.module.vpc.aws_eip.nat",
            "module.vpc_saopaulo.module.vpc.aws_internet_gateway.this",
            "module.vpc_saopaulo.module.vpc.aws_subnet.public",
            "module.vpc_saopaulo.module.vpc.aws_vpc.this",
            "module.vpc_saopaulo.module.vpc.aws_vpc_ipv4_cidr_block_association.this"
          ]
        }
      ]
    },
    {
      "module": "module.vpc_saopaulo.module.vpc",
      "mode": "managed",
      "type": "aws_network_acl",
      "name": "database",
      "each": "list",
      "provider": "provider.aws.proxy_saopaulo",
      "instances": []
    },
    {
      "module": "module.vpc_saopaulo.module.vpc",
      "mode": "managed",
      "type": "aws_network_acl",
      "name": "elasticache",
      "each": "list",
      "provider": "provider.aws.proxy_saopaulo",
      "instances": []
    },
    {
      "module": "module.vpc_saopaulo.module.vpc",
      "mode": "managed",
      "type": "aws_network_acl",
      "name": "intra",
      "each": "list",
      "provider": "provider.aws.proxy_saopaulo",
      "instances": []
    },
    {
      "module": "module.vpc_saopaulo.module.vpc",
      "mode": "managed",
      "type": "aws_network_acl",
      "name": "private",
      "each": "list",
      "provider": "provider.aws.proxy_saopaulo",
      "instances": []
    },
    {
      "module": "module.vpc_saopaulo.module.vpc",
      "mode": "managed",
      "type": "aws_network_acl",
      "name": "public",
      "each": "list",
      "provider": "provider.aws.proxy_saopaulo",
      "instances": []
    },
    {
      "module": "module.vpc_saopaulo.module.vpc",
      "mode": "managed",
      "type": "aws_network_acl",
      "name": "redshift",
      "each": "list",
      "provider": "provider.aws.proxy_saopaulo",
      "instances": []
    },
    {
      "module": "module.vpc_saopaulo.module.vpc",
      "mode": "managed",
      "type": "aws_network_acl_rule",
      "name": "database_inbound",
      "each": "list",
      "provider": "provider.aws.proxy_saopaulo",
      "instances": []
    },
    {
      "module": "module.vpc_saopaulo.module.vpc",
      "mode": "managed",
      "type": "aws_network_acl_rule",
      "name": "database_outbound",
      "each": "list",
      "provider": "provider.aws.proxy_saopaulo",
      "instances": []
    },
    {
      "module": "module.vpc_saopaulo.module.vpc",
      "mode": "managed",
      "type": "aws_network_acl_rule",
      "name": "elasticache_inbound",
      "each": "list",
      "provider": "provider.aws.proxy_saopaulo",
      "instances": []
    },
    {
      "module": "module.vpc_saopaulo.module.vpc",
      "mode": "managed",
      "type": "aws_network_acl_rule",
      "name": "elasticache_outbound",
      "each": "list",
      "provider": "provider.aws.proxy_saopaulo",
      "instances": []
    },
    {
      "module": "module.vpc_saopaulo.module.vpc",
      "mode": "managed",
      "type": "aws_network_acl_rule",
      "name": "intra_inbound",
      "each": "list",
      "provider": "provider.aws.proxy_saopaulo",
      "instances": []
    },
    {
      "module": "module.vpc_saopaulo.module.vpc",
      "mode": "managed",
      "type": "aws_network_acl_rule",
      "name": "intra_outbound",
      "each": "list",
      "provider": "provider.aws.proxy_saopaulo",
      "instances": []
    },
    {
      "module": "module.vpc_saopaulo.module.vpc",
      "mode": "managed",
      "type": "aws_network_acl_rule",
      "name": "private_inbound",
      "each": "list",
      "provider": "provider.aws.proxy_saopaulo",
      "instances": []
    },
    {
      "module": "module.vpc_saopaulo.module.vpc",
      "mode": "managed",
      "type": "aws_network_acl_rule",
      "name": "private_outbound",
      "each": "list",
      "provider": "provider.aws.proxy_saopaulo",
      "instances": []
    },
    {
      "module": "module.vpc_saopaulo.module.vpc",
      "mode": "managed",
      "type": "aws_network_acl_rule",
      "name": "public_inbound",
      "each": "list",
      "provider": "provider.aws.proxy_saopaulo",
      "instances": []
    },
    {
      "module": "module.vpc_saopaulo.module.vpc",
      "mode": "managed",
      "type": "aws_network_acl_rule",
      "name": "public_outbound",
      "each": "list",
      "provider": "provider.aws.proxy_saopaulo",
      "instances": []
    },
    {
      "module": "module.vpc_saopaulo.module.vpc",
      "mode": "managed",
      "type": "aws_network_acl_rule",
      "name": "redshift_inbound",
      "each": "list",
      "provider": "provider.aws.proxy_saopaulo",
      "instances": []
    },
    {
      "module": "module.vpc_saopaulo.module.vpc",
      "mode": "managed",
      "type": "aws_network_acl_rule",
      "name": "redshift_outbound",
      "each": "list",
      "provider": "provider.aws.proxy_saopaulo",
      "instances": []
    },
    {
      "module": "module.vpc_saopaulo.module.vpc",
      "mode": "managed",
      "type": "aws_redshift_subnet_group",
      "name": "redshift",
      "each": "list",
      "provider": "provider.aws.proxy_saopaulo",
      "instances": []
    },
    {
      "module": "module.vpc_saopaulo.module.vpc",
      "mode": "managed",
      "type": "aws_route",
      "name": "database_internet_gateway",
      "each": "list",
      "provider": "provider.aws.proxy_saopaulo",
      "instances": []
    },
    {
      "module": "module.vpc_saopaulo.module.vpc",
      "mode": "managed",
      "type": "aws_route",
      "name": "database_ipv6_egress",
      "each": "list",
      "provider": "provider.aws.proxy_saopaulo",
      "instances": []
    },
    {
      "module": "module.vpc_saopaulo.module.vpc",
      "mode": "managed",
      "type": "aws_route",
      "name": "database_nat_gateway",
      "each": "list",
      "provider": "provider.aws.proxy_saopaulo",
      "instances": []
    },
    {
      "module": "module.vpc_peering_saopaulo_to_frankfurt",
      "mode": "managed",
      "type": "aws_route",
      "name": "peer_routes_region",
      "each": "list",
      "provider": "provider.aws.core",
      "instances": [
        {
          "index_key": 0,
          "schema_version": 0,
          "attributes": {
            "destination_cidr_block": "10.6.0.0/16",
            "destination_ipv6_cidr_block": null,
            "destination_prefix_list_id": "",
            "egress_only_gateway_id": "",
            "gateway_id": "",
            "id": "r-rtb-0091bbadbca0e389f3436518301",
            "instance_id": "",
            "instance_owner_id": "",
            "nat_gateway_id": "",
            "network_interface_id": "",
            "origin": "CreateRoute",
            "route_table_id": "rtb-0091bbadbca0e389f",
            "state": "active",
            "timeouts": null,
            "transit_gateway_id": "",
            "vpc_peering_connection_id": "pcx-0432145f14263ea1f"
          },
          "private": "eyJlMmJmYjczMC1lY2FhLTExZTYtOGY4OC0zNDM2M2JjN2M0YzAiOnsiY3JlYXRlIjoxMjAwMDAwMDAwMDAsImRlbGV0ZSI6MzAwMDAwMDAwMDAwfX0=",
          "dependencies": [
            "module.vpc_peering_saopaulo_to_frankfurt.aws_vpc_peering_connection.this",
            "module.vpc_saopaulo.module.vpc.aws_vpc.this"
          ]
        },
        {
          "index_key": 1,
          "schema_version": 0,
          "attributes": {
            "destination_cidr_block": "10.6.0.0/16",
            "destination_ipv6_cidr_block": null,
            "destination_prefix_list_id": "",
            "egress_only_gateway_id": "",
            "gateway_id": "",
            "id": "r-rtb-05e8ef85c2817d46c3436518301",
            "instance_id": "",
            "instance_owner_id": "",
            "nat_gateway_id": "",
            "network_interface_id": "",
            "origin": "CreateRoute",
            "route_table_id": "rtb-05e8ef85c2817d46c",
            "state": "active",
            "timeouts": null,
            "transit_gateway_id": "",
            "vpc_peering_connection_id": "pcx-0432145f14263ea1f"
          },
          "private": "eyJlMmJmYjczMC1lY2FhLTExZTYtOGY4OC0zNDM2M2JjN2M0YzAiOnsiY3JlYXRlIjoxMjAwMDAwMDAwMDAsImRlbGV0ZSI6MzAwMDAwMDAwMDAwfX0=",
          "dependencies": [
            "module.vpc_peering_saopaulo_to_frankfurt.aws_vpc_peering_connection.this",
            "module.vpc_saopaulo.module.vpc.aws_vpc.this"
          ]
        },
        {
          "index_key": 2,
          "schema_version": 0,
          "attributes": {
            "destination_cidr_block": "10.6.0.0/16",
            "destination_ipv6_cidr_block": null,
            "destination_prefix_list_id": "",
            "egress_only_gateway_id": "",
            "gateway_id": "",
            "id": "r-rtb-06e3180565ae196fd3436518301",
            "instance_id": "",
            "instance_owner_id": "",
            "nat_gateway_id": "",
            "network_interface_id": "",
            "origin": "CreateRoute",
            "route_table_id": "rtb-06e3180565ae196fd",
            "state": "active",
            "timeouts": null,
            "transit_gateway_id": "",
            "vpc_peering_connection_id": "pcx-0432145f14263ea1f"
          },
          "private": "eyJlMmJmYjczMC1lY2FhLTExZTYtOGY4OC0zNDM2M2JjN2M0YzAiOnsiY3JlYXRlIjoxMjAwMDAwMDAwMDAsImRlbGV0ZSI6MzAwMDAwMDAwMDAwfX0=",
          "dependencies": [
            "module.vpc_peering_saopaulo_to_frankfurt.aws_vpc_peering_connection.this",
            "module.vpc_saopaulo.module.vpc.aws_vpc.this"
          ]
        },
        {
          "index_key": 3,
          "schema_version": 0,
          "attributes": {
            "destination_cidr_block": "10.6.0.0/16",
            "destination_ipv6_cidr_block": null,
            "destination_prefix_list_id": "",
            "egress_only_gateway_id": "",
            "gateway_id": "",
            "id": "r-rtb-07504082bd25d356d3436518301",
            "instance_id": "",
            "instance_owner_id": "",
            "nat_gateway_id": "",
            "network_interface_id": "",
            "origin": "CreateRoute",
            "route_table_id": "rtb-07504082bd25d356d",
            "state": "active",
            "timeouts": null,
            "transit_gateway_id": "",
            "vpc_peering_connection_id": "pcx-0432145f14263ea1f"
          },
          "private": "eyJlMmJmYjczMC1lY2FhLTExZTYtOGY4OC0zNDM2M2JjN2M0YzAiOnsiY3JlYXRlIjoxMjAwMDAwMDAwMDAsImRlbGV0ZSI6MzAwMDAwMDAwMDAwfX0=",
          "dependencies": [
            "module.vpc_peering_saopaulo_to_frankfurt.aws_vpc_peering_connection.this",
            "module.vpc_saopaulo.module.vpc.aws_vpc.this"
          ]
        },
        {
          "index_key": 4,
          "schema_version": 0,
          "attributes": {
            "destination_cidr_block": "10.6.0.0/16",
            "destination_ipv6_cidr_block": null,
            "destination_prefix_list_id": "",
            "egress_only_gateway_id": "",
            "gateway_id": "",
            "id": "r-rtb-0aedf2b3d1004f5c43436518301",
            "instance_id": "",
            "instance_owner_id": "",
            "nat_gateway_id": "",
            "network_interface_id": "",
            "origin": "CreateRoute",
            "route_table_id": "rtb-0aedf2b3d1004f5c4",
            "state": "active",
            "timeouts": null,
            "transit_gateway_id": "",
            "vpc_peering_connection_id": "pcx-0432145f14263ea1f"
          },
          "private": "eyJlMmJmYjczMC1lY2FhLTExZTYtOGY4OC0zNDM2M2JjN2M0YzAiOnsiY3JlYXRlIjoxMjAwMDAwMDAwMDAsImRlbGV0ZSI6MzAwMDAwMDAwMDAwfX0=",
          "dependencies": [
            "module.vpc_peering_saopaulo_to_frankfurt.aws_vpc_peering_connection.this",
            "module.vpc_saopaulo.module.vpc.aws_vpc.this"
          ]
        }
      ]
    },
    {
      "module": "module.vpc_saopaulo.module.vpc",
      "mode": "managed",
      "type": "aws_route",
      "name": "private_ipv6_egress",
      "each": "list",
      "provider": "provider.aws.proxy_saopaulo",
      "instances": []
    },
    {
      "module": "module.vpc_saopaulo.module.vpc",
      "mode": "managed",
      "type": "aws_route",
      "name": "private_nat_gateway",
      "each": "list",
      "provider": "provider.aws.proxy_saopaulo",
      "instances": [
        {
          "index_key": 0,
          "schema_version": 0,
          "attributes": {
            "destination_cidr_block": "0.0.0.0/0",
            "destination_ipv6_cidr_block": null,
            "destination_prefix_list_id": "",
            "egress_only_gateway_id": "",
            "gateway_id": "",
            "id": "r-rtb-0b10e50993a7c9cdc1080289494",
            "instance_id": "",
            "instance_owner_id": "",
            "nat_gateway_id": "nat-0b93ee2d30e67cb4d",
            "network_interface_id": "",
            "origin": "CreateRoute",
            "route_table_id": "rtb-0b10e50993a7c9cdc",
            "state": "active",
            "timeouts": {
              "create": "5m",
              "delete": null
            },
            "transit_gateway_id": "",
            "vpc_peering_connection_id": ""
          },
          "private": "eyJlMmJmYjczMC1lY2FhLTExZTYtOGY4OC0zNDM2M2JjN2M0YzAiOnsiY3JlYXRlIjozMDAwMDAwMDAwMDAsImRlbGV0ZSI6MzAwMDAwMDAwMDAwfX0=",
          "dependencies": [
            "module.vpc_saopaulo.module.vpc.aws_eip.nat",
            "module.vpc_saopaulo.module.vpc.aws_internet_gateway.this",
            "module.vpc_saopaulo.module.vpc.aws_nat_gateway.this",
            "module.vpc_saopaulo.module.vpc.aws_route_table.private",
            "module.vpc_saopaulo.module.vpc.aws_subnet.public",
            "module.vpc_saopaulo.module.vpc.aws_vpc.this",
            "module.vpc_saopaulo.module.vpc.aws_vpc_ipv4_cidr_block_association.this"
          ]
        },
        {
          "index_key": 1,
          "schema_version": 0,
          "attributes": {
            "destination_cidr_block": "0.0.0.0/0",
            "destination_ipv6_cidr_block": null,
            "destination_prefix_list_id": "",
            "egress_only_gateway_id": "",
            "gateway_id": "",
            "id": "r-rtb-0b22e658298f9891c1080289494",
            "instance_id": "",
            "instance_owner_id": "",
            "nat_gateway_id": "nat-013ad19ca756f9c9c",
            "network_interface_id": "",
            "origin": "CreateRoute",
            "route_table_id": "rtb-0b22e658298f9891c",
            "state": "active",
            "timeouts": {
              "create": "5m",
              "delete": null
            },
            "transit_gateway_id": "",
            "vpc_peering_connection_id": ""
          },
          "private": "eyJlMmJmYjczMC1lY2FhLTExZTYtOGY4OC0zNDM2M2JjN2M0YzAiOnsiY3JlYXRlIjozMDAwMDAwMDAwMDAsImRlbGV0ZSI6MzAwMDAwMDAwMDAwfX0=",
          "dependencies": [
            "module.vpc_saopaulo.module.vpc.aws_eip.nat",
            "module.vpc_saopaulo.module.vpc.aws_internet_gateway.this",
            "module.vpc_saopaulo.module.vpc.aws_nat_gateway.this",
            "module.vpc_saopaulo.module.vpc.aws_route_table.private",
            "module.vpc_saopaulo.module.vpc.aws_subnet.public",
            "module.vpc_saopaulo.module.vpc.aws_vpc.this",
            "module.vpc_saopaulo.module.vpc.aws_vpc_ipv4_cidr_block_association.this"
          ]
        },
        {
          "index_key": 2,
          "schema_version": 0,
          "attributes": {
            "destination_cidr_block": "0.0.0.0/0",
            "destination_ipv6_cidr_block": null,
            "destination_prefix_list_id": "",
            "egress_only_gateway_id": "",
            "gateway_id": "",
            "id": "r-rtb-0555bde6732a1355b1080289494",
            "instance_id": "",
            "instance_owner_id": "",
            "nat_gateway_id": "nat-0b37c367ac1ec4871",
            "network_interface_id": "",
            "origin": "CreateRoute",
            "route_table_id": "rtb-0555bde6732a1355b",
            "state": "active",
            "timeouts": {
              "create": "5m",
              "delete": null
            },
            "transit_gateway_id": "",
            "vpc_peering_connection_id": ""
          },
          "private": "eyJlMmJmYjczMC1lY2FhLTExZTYtOGY4OC0zNDM2M2JjN2M0YzAiOnsiY3JlYXRlIjozMDAwMDAwMDAwMDAsImRlbGV0ZSI6MzAwMDAwMDAwMDAwfX0=",
          "dependencies": [
            "module.vpc_saopaulo.module.vpc.aws_eip.nat",
            "module.vpc_saopaulo.module.vpc.aws_internet_gateway.this",
            "module.vpc_saopaulo.module.vpc.aws_nat_gateway.this",
            "module.vpc_saopaulo.module.vpc.aws_route_table.private",
            "module.vpc_saopaulo.module.vpc.aws_subnet.public",
            "module.vpc_saopaulo.module.vpc.aws_vpc.this",
            "module.vpc_saopaulo.module.vpc.aws_vpc_ipv4_cidr_block_association.this"
          ]
        }
      ]
    },
    {
      "module": "module.vpc_saopaulo.module.vpc",
      "mode": "managed",
      "type": "aws_route",
      "name": "public_internet_gateway",
      "each": "list",
      "provider": "provider.aws.proxy_saopaulo",
      "instances": [
        {
          "index_key": 0,
          "schema_version": 0,
          "attributes": {
            "destination_cidr_block": "0.0.0.0/0",
            "destination_ipv6_cidr_block": null,
            "destination_prefix_list_id": "",
            "egress_only_gateway_id": "",
            "gateway_id": "igw-060748ba0bb2c1bc1",
            "id": "r-rtb-0de02b926f969ca331080289494",
            "instance_id": "",
            "instance_owner_id": "",
            "nat_gateway_id": "",
            "network_interface_id": "",
            "origin": "CreateRoute",
            "route_table_id": "rtb-0de02b926f969ca33",
            "state": "active",
            "timeouts": {
              "create": "5m",
              "delete": null
            },
            "transit_gateway_id": "",
            "vpc_peering_connection_id": ""
          },
          "private": "eyJlMmJmYjczMC1lY2FhLTExZTYtOGY4OC0zNDM2M2JjN2M0YzAiOnsiY3JlYXRlIjozMDAwMDAwMDAwMDAsImRlbGV0ZSI6MzAwMDAwMDAwMDAwfX0=",
          "dependencies": [
            "module.vpc_saopaulo.module.vpc.aws_internet_gateway.this",
            "module.vpc_saopaulo.module.vpc.aws_route_table.public",
            "module.vpc_saopaulo.module.vpc.aws_vpc.this",
            "module.vpc_saopaulo.module.vpc.aws_vpc_ipv4_cidr_block_association.this"
          ]
        }
      ]
    },
    {
      "module": "module.vpc_saopaulo.module.vpc",
      "mode": "managed",
      "type": "aws_route",
      "name": "public_internet_gateway_ipv6",
      "each": "list",
      "provider": "provider.aws.proxy_saopaulo",
      "instances": []
    },
    {
      "module": "module.vpc_peering_saopaulo_to_frankfurt",
      "mode": "managed",
      "type": "aws_route",
      "name": "this_routes_region",
      "each": "list",
      "provider": "provider.aws.proxy_saopaulo",
      "instances": [
        {
          "index_key": 0,
          "schema_version": 0,
          "attributes": {
            "destination_cidr_block": "10.0.0.0/16",
            "destination_ipv6_cidr_block": null,
            "destination_prefix_list_id": "",
            "egress_only_gateway_id": "",
            "gateway_id": "",
            "id": "r-rtb-0289cdf0bf19e1b9f179966490",
            "instance_id": "",
            "instance_owner_id": "",
            "nat_gateway_id": "",
            "network_interface_id": "",
            "origin": "CreateRoute",
            "route_table_id": "rtb-0289cdf0bf19e1b9f",
            "state": "active",
            "timeouts": null,
            "transit_gateway_id": "",
            "vpc_peering_connection_id": "pcx-0432145f14263ea1f"
          },
          "private": "eyJlMmJmYjczMC1lY2FhLTExZTYtOGY4OC0zNDM2M2JjN2M0YzAiOnsiY3JlYXRlIjoxMjAwMDAwMDAwMDAsImRlbGV0ZSI6MzAwMDAwMDAwMDAwfX0=",
          "dependencies": [
            "module.vpc_peering_saopaulo_to_frankfurt.aws_vpc_peering_connection.this",
            "module.vpc_saopaulo.module.vpc.aws_vpc.this"
          ]
        },
        {
          "index_key": 1,
          "schema_version": 0,
          "attributes": {
            "destination_cidr_block": "10.0.0.0/16",
            "destination_ipv6_cidr_block": null,
            "destination_prefix_list_id": "",
            "egress_only_gateway_id": "",
            "gateway_id": "",
            "id": "r-rtb-0555bde6732a1355b179966490",
            "instance_id": "",
            "instance_owner_id": "",
            "nat_gateway_id": "",
            "network_interface_id": "",
            "origin": "CreateRoute",
            "route_table_id": "rtb-0555bde6732a1355b",
            "state": "active",
            "timeouts": null,
            "transit_gateway_id": "",
            "vpc_peering_connection_id": "pcx-0432145f14263ea1f"
          },
          "private": "eyJlMmJmYjczMC1lY2FhLTExZTYtOGY4OC0zNDM2M2JjN2M0YzAiOnsiY3JlYXRlIjoxMjAwMDAwMDAwMDAsImRlbGV0ZSI6MzAwMDAwMDAwMDAwfX0=",
          "dependencies": [
            "module.vpc_peering_saopaulo_to_frankfurt.aws_vpc_peering_connection.this",
            "module.vpc_saopaulo.module.vpc.aws_vpc.this"
          ]
        },
        {
          "index_key": 2,
          "schema_version": 0,
          "attributes": {
            "destination_cidr_block": "10.0.0.0/16",
            "destination_ipv6_cidr_block": null,
            "destination_prefix_list_id": "",
            "egress_only_gateway_id": "",
            "gateway_id": "",
            "id": "r-rtb-0b10e50993a7c9cdc179966490",
            "instance_id": "",
            "instance_owner_id": "",
            "nat_gateway_id": "",
            "network_interface_id": "",
            "origin": "CreateRoute",
            "route_table_id": "rtb-0b10e50993a7c9cdc",
            "state": "active",
            "timeouts": null,
            "transit_gateway_id": "",
            "vpc_peering_connection_id": "pcx-0432145f14263ea1f"
          },
          "private": "eyJlMmJmYjczMC1lY2FhLTExZTYtOGY4OC0zNDM2M2JjN2M0YzAiOnsiY3JlYXRlIjoxMjAwMDAwMDAwMDAsImRlbGV0ZSI6MzAwMDAwMDAwMDAwfX0=",
          "dependencies": [
            "module.vpc_peering_saopaulo_to_frankfurt.aws_vpc_peering_connection.this",
            "module.vpc_saopaulo.module.vpc.aws_vpc.this"
          ]
        },
        {
          "index_key": 3,
          "schema_version": 0,
          "attributes": {
            "destination_cidr_block": "10.0.0.0/16",
            "destination_ipv6_cidr_block": null,
            "destination_prefix_list_id": "",
            "egress_only_gateway_id": "",
            "gateway_id": "",
            "id": "r-rtb-0b22e658298f9891c179966490",
            "instance_id": "",
            "instance_owner_id": "",
            "nat_gateway_id": "",
            "network_interface_id": "",
            "origin": "CreateRoute",
            "route_table_id": "rtb-0b22e658298f9891c",
            "state": "active",
            "timeouts": null,
            "transit_gateway_id": "",
            "vpc_peering_connection_id": "pcx-0432145f14263ea1f"
          },
          "private": "eyJlMmJmYjczMC1lY2FhLTExZTYtOGY4OC0zNDM2M2JjN2M0YzAiOnsiY3JlYXRlIjoxMjAwMDAwMDAwMDAsImRlbGV0ZSI6MzAwMDAwMDAwMDAwfX0=",
          "dependencies": [
            "module.vpc_peering_saopaulo_to_frankfurt.aws_vpc_peering_connection.this",
            "module.vpc_saopaulo.module.vpc.aws_vpc.this"
          ]
        },
        {
          "index_key": 4,
          "schema_version": 0,
          "attributes": {
            "destination_cidr_block": "10.0.0.0/16",
            "destination_ipv6_cidr_block": null,
            "destination_prefix_list_id": "",
            "egress_only_gateway_id": "",
            "gateway_id": "",
            "id": "r-rtb-0de02b926f969ca33179966490",
            "instance_id": "",
            "instance_owner_id": "",
            "nat_gateway_id": "",
            "network_interface_id": "",
            "origin": "CreateRoute",
            "route_table_id": "rtb-0de02b926f969ca33",
            "state": "active",
            "timeouts": null,
            "transit_gateway_id": "",
            "vpc_peering_connection_id": "pcx-0432145f14263ea1f"
          },
          "private": "eyJlMmJmYjczMC1lY2FhLTExZTYtOGY4OC0zNDM2M2JjN2M0YzAiOnsiY3JlYXRlIjoxMjAwMDAwMDAwMDAsImRlbGV0ZSI6MzAwMDAwMDAwMDAwfX0=",
          "dependencies": [
            "module.vpc_peering_saopaulo_to_frankfurt.aws_vpc_peering_connection.this",
            "module.vpc_saopaulo.module.vpc.aws_vpc.this"
          ]
        }
      ]
    },
    {
      "module": "module.ingest_proxy_saopaulo",
      "mode": "managed",
      "type": "aws_route53_health_check",
      "name": "ingest_proxy",
      "each": "list",
      "provider": "provider.aws.proxy_saopaulo",
      "instances": [
        {
          "index_key": 0,
          "schema_version": 0,
          "attributes": {
            "child_health_threshold": 0,
            "child_healthchecks": null,
            "cloudwatch_alarm_name": null,
            "cloudwatch_alarm_region": null,
            "enable_sni": false,
            "failure_threshold": 2,
            "fqdn": "",
            "id": "a53ee128-1957-4c8e-b2de-d3f36b39f910",
            "insufficient_data_health_status": "",
            "invert_healthcheck": false,
            "ip_address": "54.233.90.74",
            "measure_latency": false,
            "port": 1935,
            "reference_name": null,
            "regions": null,
            "request_interval": 30,
            "resource_path": "",
            "search_string": "",
            "tags": {
              "Name": "tf-health-check-v200324-malibu-proxy-saopaulo-0"
            },
            "type": "TCP"
          },
          "private": "bnVsbA==",
          "dependencies": [
            "module.ingest_proxy_saopaulo.aws_eip.ingest_proxy"
          ]
        }
      ]
    },
    {
      "module": "module.vpc_saopaulo.module.vpc",
      "mode": "managed",
      "type": "aws_route_table",
      "name": "database",
      "each": "list",
      "provider": "provider.aws.proxy_saopaulo",
      "instances": []
    },
    {
      "module": "module.vpc_saopaulo.module.vpc",
      "mode": "managed",
      "type": "aws_route_table",
      "name": "elasticache",
      "each": "list",
      "provider": "provider.aws.proxy_saopaulo",
      "instances": []
    },
    {
      "module": "module.vpc_saopaulo.module.vpc",
      "mode": "managed",
      "type": "aws_route_table",
      "name": "intra",
      "each": "list",
      "provider": "provider.aws.proxy_saopaulo",
      "instances": []
    },
    {
      "module": "module.vpc_saopaulo.module.vpc",
      "mode": "managed",
      "type": "aws_route_table",
      "name": "private",
      "each": "list",
      "provider": "provider.aws.proxy_saopaulo",
      "instances": [
        {
          "index_key": 0,
          "schema_version": 0,
          "attributes": {
            "id": "rtb-0b10e50993a7c9cdc",
            "owner_id": "726332586568",
            "propagating_vgws": [],
            "route": [
              {
                "cidr_block": "0.0.0.0/0",
                "egress_only_gateway_id": "",
                "gateway_id": "",
                "instance_id": "",
                "ipv6_cidr_block": "",
                "nat_gateway_id": "nat-0b93ee2d30e67cb4d",
                "network_interface_id": "",
                "transit_gateway_id": "",
                "vpc_peering_connection_id": ""
              },
              {
                "cidr_block": "10.0.0.0/16",
                "egress_only_gateway_id": "",
                "gateway_id": "",
                "instance_id": "",
                "ipv6_cidr_block": "",
                "nat_gateway_id": "",
                "network_interface_id": "",
                "transit_gateway_id": "",
                "vpc_peering_connection_id": "pcx-0432145f14263ea1f"
              }
            ],
            "tags": {
              "Name": "prd-stream-multi-saopaulo-private-sa-east-1a",
              "terraform": "true"
            },
            "vpc_id": "vpc-07427be573f6c9db1"
          },
          "private": "bnVsbA==",
          "dependencies": [
            "module.vpc_saopaulo.module.vpc.aws_vpc.this",
            "module.vpc_saopaulo.module.vpc.aws_vpc_ipv4_cidr_block_association.this"
          ]
        },
        {
          "index_key": 1,
          "schema_version": 0,
          "attributes": {
            "id": "rtb-0b22e658298f9891c",
            "owner_id": "726332586568",
            "propagating_vgws": [],
            "route": [
              {
                "cidr_block": "0.0.0.0/0",
                "egress_only_gateway_id": "",
                "gateway_id": "",
                "instance_id": "",
                "ipv6_cidr_block": "",
                "nat_gateway_id": "nat-013ad19ca756f9c9c",
                "network_interface_id": "",
                "transit_gateway_id": "",
                "vpc_peering_connection_id": ""
              },
              {
                "cidr_block": "10.0.0.0/16",
                "egress_only_gateway_id": "",
                "gateway_id": "",
                "instance_id": "",
                "ipv6_cidr_block": "",
                "nat_gateway_id": "",
                "network_interface_id": "",
                "transit_gateway_id": "",
                "vpc_peering_connection_id": "pcx-0432145f14263ea1f"
              }
            ],
            "tags": {
              "Name": "prd-stream-multi-saopaulo-private-sa-east-1b",
              "terraform": "true"
            },
            "vpc_id": "vpc-07427be573f6c9db1"
          },
          "private": "bnVsbA==",
          "dependencies": [
            "module.vpc_saopaulo.module.vpc.aws_vpc.this",
            "module.vpc_saopaulo.module.vpc.aws_vpc_ipv4_cidr_block_association.this"
          ]
        },
        {
          "index_key": 2,
          "schema_version": 0,
          "attributes": {
            "id": "rtb-0555bde6732a1355b",
            "owner_id": "726332586568",
            "propagating_vgws": [],
            "route": [
              {
                "cidr_block": "0.0.0.0/0",
                "egress_only_gateway_id": "",
                "gateway_id": "",
                "instance_id": "",
                "ipv6_cidr_block": "",
                "nat_gateway_id": "nat-0b37c367ac1ec4871",
                "network_interface_id": "",
                "transit_gateway_id": "",
                "vpc_peering_connection_id": ""
              },
              {
                "cidr_block": "10.0.0.0/16",
                "egress_only_gateway_id": "",
                "gateway_id": "",
                "instance_id": "",
                "ipv6_cidr_block": "",
                "nat_gateway_id": "",
                "network_interface_id": "",
                "transit_gateway_id": "",
                "vpc_peering_connection_id": "pcx-0432145f14263ea1f"
              }
            ],
            "tags": {
              "Name": "prd-stream-multi-saopaulo-private-sa-east-1c",
              "terraform": "true"
            },
            "vpc_id": "vpc-07427be573f6c9db1"
          },
          "private": "bnVsbA==",
          "dependencies": [
            "module.vpc_saopaulo.module.vpc.aws_vpc.this",
            "module.vpc_saopaulo.module.vpc.aws_vpc_ipv4_cidr_block_association.this"
          ]
        }
      ]
    },
    {
      "module": "module.vpc_saopaulo.module.vpc",
      "mode": "managed",
      "type": "aws_route_table",
      "name": "public",
      "each": "list",
      "provider": "provider.aws.proxy_saopaulo",
      "instances": [
        {
          "index_key": 0,
          "schema_version": 0,
          "attributes": {
            "id": "rtb-0de02b926f969ca33",
            "owner_id": "726332586568",
            "propagating_vgws": [],
            "route": [
              {
                "cidr_block": "0.0.0.0/0",
                "egress_only_gateway_id": "",
                "gateway_id": "igw-060748ba0bb2c1bc1",
                "instance_id": "",
                "ipv6_cidr_block": "",
                "nat_gateway_id": "",
                "network_interface_id": "",
                "transit_gateway_id": "",
                "vpc_peering_connection_id": ""
              },
              {
                "cidr_block": "10.0.0.0/16",
                "egress_only_gateway_id": "",
                "gateway_id": "",
                "instance_id": "",
                "ipv6_cidr_block": "",
                "nat_gateway_id": "",
                "network_interface_id": "",
                "transit_gateway_id": "",
                "vpc_peering_connection_id": "pcx-0432145f14263ea1f"
              }
            ],
            "tags": {
              "Name": "prd-stream-multi-saopaulo-public",
              "terraform": "true"
            },
            "vpc_id": "vpc-07427be573f6c9db1"
          },
          "private": "bnVsbA==",
          "dependencies": [
            "module.vpc_saopaulo.module.vpc.aws_vpc.this",
            "module.vpc_saopaulo.module.vpc.aws_vpc_ipv4_cidr_block_association.this"
          ]
        }
      ]
    },
    {
      "module": "module.vpc_saopaulo.module.vpc",
      "mode": "managed",
      "type": "aws_route_table",
      "name": "redshift",
      "each": "list",
      "provider": "provider.aws.proxy_saopaulo",
      "instances": []
    },
    {
      "module": "module.vpc_saopaulo.module.vpc",
      "mode": "managed",
      "type": "aws_route_table_association",
      "name": "database",
      "each": "list",
      "provider": "provider.aws.proxy_saopaulo",
      "instances": []
    },
    {
      "module": "module.vpc_saopaulo.module.vpc",
      "mode": "managed",
      "type": "aws_route_table_association",
      "name": "elasticache",
      "each": "list",
      "provider": "provider.aws.proxy_saopaulo",
      "instances": []
    },
    {
      "module": "module.vpc_saopaulo.module.vpc",
      "mode": "managed",
      "type": "aws_route_table_association",
      "name": "intra",
      "each": "list",
      "provider": "provider.aws.proxy_saopaulo",
      "instances": []
    },
    {
      "module": "module.vpc_saopaulo.module.vpc",
      "mode": "managed",
      "type": "aws_route_table_association",
      "name": "private",
      "each": "list",
      "provider": "provider.aws.proxy_saopaulo",
      "instances": [
        {
          "index_key": 0,
          "schema_version": 0,
          "attributes": {
            "gateway_id": null,
            "id": "rtbassoc-0b6384cf56e0be322",
            "route_table_id": "rtb-0b10e50993a7c9cdc",
            "subnet_id": "subnet-0665f66867f63032f"
          },
          "private": "bnVsbA==",
          "dependencies": [
            "module.vpc_saopaulo.module.vpc.aws_route_table.private",
            "module.vpc_saopaulo.module.vpc.aws_subnet.private",
            "module.vpc_saopaulo.module.vpc.aws_vpc.this",
            "module.vpc_saopaulo.module.vpc.aws_vpc_ipv4_cidr_block_association.this"
          ]
        },
        {
          "index_key": 1,
          "schema_version": 0,
          "attributes": {
            "gateway_id": null,
            "id": "rtbassoc-09a0a7d612948bd37",
            "route_table_id": "rtb-0b22e658298f9891c",
            "subnet_id": "subnet-03516154dfc385ae8"
          },
          "private": "bnVsbA==",
          "dependencies": [
            "module.vpc_saopaulo.module.vpc.aws_route_table.private",
            "module.vpc_saopaulo.module.vpc.aws_subnet.private",
            "module.vpc_saopaulo.module.vpc.aws_vpc.this",
            "module.vpc_saopaulo.module.vpc.aws_vpc_ipv4_cidr_block_association.this"
          ]
        },
        {
          "index_key": 2,
          "schema_version": 0,
          "attributes": {
            "gateway_id": null,
            "id": "rtbassoc-0444396cf69701d20",
            "route_table_id": "rtb-0555bde6732a1355b",
            "subnet_id": "subnet-058f1d7c10542d2be"
          },
          "private": "bnVsbA==",
          "dependencies": [
            "module.vpc_saopaulo.module.vpc.aws_route_table.private",
            "module.vpc_saopaulo.module.vpc.aws_subnet.private",
            "module.vpc_saopaulo.module.vpc.aws_vpc.this",
            "module.vpc_saopaulo.module.vpc.aws_vpc_ipv4_cidr_block_association.this"
          ]
        }
      ]
    },
    {
      "module": "module.vpc_saopaulo.module.vpc",
      "mode": "managed",
      "type": "aws_route_table_association",
      "name": "public",
      "each": "list",
      "provider": "provider.aws.proxy_saopaulo",
      "instances": [
        {
          "index_key": 0,
          "schema_version": 0,
          "attributes": {
            "gateway_id": null,
            "id": "rtbassoc-038e66f4ea4188f3e",
            "route_table_id": "rtb-0de02b926f969ca33",
            "subnet_id": "subnet-060b5f299b14a7235"
          },
          "private": "bnVsbA==",
          "dependencies": [
            "module.vpc_saopaulo.module.vpc.aws_route_table.public",
            "module.vpc_saopaulo.module.vpc.aws_subnet.public",
            "module.vpc_saopaulo.module.vpc.aws_vpc.this",
            "module.vpc_saopaulo.module.vpc.aws_vpc_ipv4_cidr_block_association.this"
          ]
        },
        {
          "index_key": 1,
          "schema_version": 0,
          "attributes": {
            "gateway_id": null,
            "id": "rtbassoc-0165620bb6725e827",
            "route_table_id": "rtb-0de02b926f969ca33",
            "subnet_id": "subnet-0b6a79710ccef2745"
          },
          "private": "bnVsbA==",
          "dependencies": [
            "module.vpc_saopaulo.module.vpc.aws_route_table.public",
            "module.vpc_saopaulo.module.vpc.aws_subnet.public",
            "module.vpc_saopaulo.module.vpc.aws_vpc.this",
            "module.vpc_saopaulo.module.vpc.aws_vpc_ipv4_cidr_block_association.this"
          ]
        },
        {
          "index_key": 2,
          "schema_version": 0,
          "attributes": {
            "gateway_id": null,
            "id": "rtbassoc-05f021451aed6fe82",
            "route_table_id": "rtb-0de02b926f969ca33",
            "subnet_id": "subnet-04f1f4acf97a3b8bb"
          },
          "private": "bnVsbA==",
          "dependencies": [
            "module.vpc_saopaulo.module.vpc.aws_route_table.public",
            "module.vpc_saopaulo.module.vpc.aws_subnet.public",
            "module.vpc_saopaulo.module.vpc.aws_vpc.this",
            "module.vpc_saopaulo.module.vpc.aws_vpc_ipv4_cidr_block_association.this"
          ]
        }
      ]
    },
    {
      "module": "module.vpc_saopaulo.module.vpc",
      "mode": "managed",
      "type": "aws_route_table_association",
      "name": "redshift",
      "each": "list",
      "provider": "provider.aws.proxy_saopaulo",
      "instances": []
    },
    {
      "module": "module.vpc_saopaulo.module.vpc",
      "mode": "managed",
      "type": "aws_route_table_association",
      "name": "redshift_public",
      "each": "list",
      "provider": "provider.aws.proxy_saopaulo",
      "instances": []
    },
    {
      "module": "module.ingest_proxy_saopaulo.module.sg",
      "mode": "managed",
      "type": "aws_security_group",
      "name": "this",
      "each": "list",
      "provider": "provider.aws.proxy_saopaulo",
      "instances": []
    },
    {
      "module": "module.ingest_proxy_saopaulo.module.sg",
      "mode": "managed",
      "type": "aws_security_group",
      "name": "this_name_prefix",
      "each": "list",
      "provider": "provider.aws.proxy_saopaulo",
      "instances": [
        {
          "index_key": 0,
          "schema_version": 1,
          "attributes": {
            "arn": "arn:aws:ec2:sa-east-1:726332586568:security-group/sg-03506d5b56268aed9",
            "description": "Security group for ingest proxy",
            "egress": [
              {
                "cidr_blocks": [
                  "0.0.0.0/0"
                ],
                "description": "All protocols",
                "from_port": 0,
                "ipv6_cidr_blocks": [
                  "::/0"
                ],
                "prefix_list_ids": [],
                "protocol": "-1",
                "security_groups": [],
                "self": false,
                "to_port": 0
              }
            ],
            "id": "sg-03506d5b56268aed9",
            "ingress": [
              {
                "cidr_blocks": [
                  "0.0.0.0/0"
                ],
                "description": "rtmp open to public",
                "from_port": 1935,
                "ipv6_cidr_blocks": [],
                "prefix_list_ids": [],
                "protocol": "tcp",
                "security_groups": [],
                "self": false,
                "to_port": 1935
              },
              {
                "cidr_blocks": [
                  "10.0.0.0/8",
                  "101.99.64.65/32"
                ],
                "description": "SSH",
                "from_port": 22,
                "ipv6_cidr_blocks": [],
                "prefix_list_ids": [],
                "protocol": "tcp",
                "security_groups": [],
                "self": false,
                "to_port": 22
              }
            ],
            "name": "v200324-malibu-proxy-20200324090754547400000001",
            "name_prefix": "v200324-malibu-proxy-",
            "owner_id": "726332586568",
            "revoke_rules_on_delete": false,
            "tags": {
              "Name": "v200324-malibu-proxy"
            },
            "timeouts": null,
            "vpc_id": "vpc-07427be573f6c9db1"
          },
          "private": "eyJlMmJmYjczMC1lY2FhLTExZTYtOGY4OC0zNDM2M2JjN2M0YzAiOnsiY3JlYXRlIjo2MDAwMDAwMDAwMDAsImRlbGV0ZSI6NjAwMDAwMDAwMDAwfSwic2NoZW1hX3ZlcnNpb24iOiIxIn0=",
          "dependencies": [
            "module.vpc_saopaulo.module.vpc.aws_vpc.this"
          ]
        }
      ]
    },
    {
      "module": "module.ingest_proxy_saopaulo.module.sg",
      "mode": "managed",
      "type": "aws_security_group_rule",
      "name": "computed_egress_rules",
      "each": "list",
      "provider": "provider.aws.proxy_saopaulo",
      "instances": []
    },
    {
      "module": "module.ingest_proxy_saopaulo.module.sg",
      "mode": "managed",
      "type": "aws_security_group_rule",
      "name": "computed_egress_with_cidr_blocks",
      "each": "list",
      "provider": "provider.aws.proxy_saopaulo",
      "instances": []
    },
    {
      "module": "module.ingest_proxy_saopaulo.module.sg",
      "mode": "managed",
      "type": "aws_security_group_rule",
      "name": "computed_egress_with_ipv6_cidr_blocks",
      "each": "list",
      "provider": "provider.aws.proxy_saopaulo",
      "instances": []
    },
    {
      "module": "module.ingest_proxy_saopaulo.module.sg",
      "mode": "managed",
      "type": "aws_security_group_rule",
      "name": "computed_egress_with_self",
      "each": "list",
      "provider": "provider.aws.proxy_saopaulo",
      "instances": []
    },
    {
      "module": "module.ingest_proxy_saopaulo.module.sg",
      "mode": "managed",
      "type": "aws_security_group_rule",
      "name": "computed_egress_with_source_security_group_id",
      "each": "list",
      "provider": "provider.aws.proxy_saopaulo",
      "instances": []
    },
    {
      "module": "module.ingest_proxy_saopaulo.module.sg",
      "mode": "managed",
      "type": "aws_security_group_rule",
      "name": "computed_ingress_rules",
      "each": "list",
      "provider": "provider.aws.proxy_saopaulo",
      "instances": []
    },
    {
      "module": "module.ingest_proxy_saopaulo.module.sg",
      "mode": "managed",
      "type": "aws_security_group_rule",
      "name": "computed_ingress_with_cidr_blocks",
      "each": "list",
      "provider": "provider.aws.proxy_saopaulo",
      "instances": [
        {
          "index_key": 0,
          "schema_version": 2,
          "attributes": {
            "cidr_blocks": [
              "101.99.64.65/32"
            ],
            "description": "SSH",
            "from_port": 22,
            "id": "sgrule-102552757",
            "ipv6_cidr_blocks": [],
            "prefix_list_ids": [],
            "protocol": "tcp",
            "security_group_id": "sg-03506d5b56268aed9",
            "self": false,
            "source_security_group_id": null,
            "to_port": 22,
            "type": "ingress"
          },
          "private": "eyJzY2hlbWFfdmVyc2lvbiI6IjIifQ==",
          "dependencies": [
            "module.ingest_proxy_saopaulo.module.sg.aws_security_group.this",
            "module.ingest_proxy_saopaulo.module.sg.aws_security_group.this_name_prefix",
            "module.vpc_saopaulo.module.vpc.aws_vpc.this"
          ]
        },
        {
          "index_key": 1,
          "schema_version": 2,
          "attributes": {
            "cidr_blocks": [
              "10.0.0.0/8"
            ],
            "description": "SSH",
            "from_port": 22,
            "id": "sgrule-4191151062",
            "ipv6_cidr_blocks": [],
            "prefix_list_ids": [],
            "protocol": "tcp",
            "security_group_id": "sg-03506d5b56268aed9",
            "self": false,
            "source_security_group_id": null,
            "to_port": 22,
            "type": "ingress"
          },
          "private": "eyJzY2hlbWFfdmVyc2lvbiI6IjIifQ==",
          "dependencies": [
            "module.ingest_proxy_saopaulo.module.sg.aws_security_group.this",
            "module.ingest_proxy_saopaulo.module.sg.aws_security_group.this_name_prefix",
            "module.vpc_saopaulo.module.vpc.aws_vpc.this"
          ]
        }
      ]
    },
    {
      "module": "module.ingest_proxy_saopaulo.module.sg",
      "mode": "managed",
      "type": "aws_security_group_rule",
      "name": "computed_ingress_with_ipv6_cidr_blocks",
      "each": "list",
      "provider": "provider.aws.proxy_saopaulo",
      "instances": []
    },
    {
      "module": "module.ingest_proxy_saopaulo.module.sg",
      "mode": "managed",
      "type": "aws_security_group_rule",
      "name": "computed_ingress_with_self",
      "each": "list",
      "provider": "provider.aws.proxy_saopaulo",
      "instances": []
    },
    {
      "module": "module.ingest_proxy_saopaulo.module.sg",
      "mode": "managed",
      "type": "aws_security_group_rule",
      "name": "computed_ingress_with_source_security_group_id",
      "each": "list",
      "provider": "provider.aws.proxy_saopaulo",
      "instances": []
    },
    {
      "module": "module.ingest_proxy_saopaulo.module.sg",
      "mode": "managed",
      "type": "aws_security_group_rule",
      "name": "egress_rules",
      "each": "list",
      "provider": "provider.aws.proxy_saopaulo",
      "instances": [
        {
          "index_key": 0,
          "schema_version": 2,
          "attributes": {
            "cidr_blocks": [
              "0.0.0.0/0"
            ],
            "description": "All protocols",
            "from_port": 0,
            "id": "sgrule-246848858",
            "ipv6_cidr_blocks": [
              "::/0"
            ],
            "prefix_list_ids": [],
            "protocol": "-1",
            "security_group_id": "sg-03506d5b56268aed9",
            "self": false,
            "source_security_group_id": null,
            "to_port": 0,
            "type": "egress"
          },
          "private": "eyJzY2hlbWFfdmVyc2lvbiI6IjIifQ==",
          "dependencies": [
            "module.ingest_proxy_saopaulo.module.sg.aws_security_group.this",
            "module.ingest_proxy_saopaulo.module.sg.aws_security_group.this_name_prefix",
            "module.vpc_saopaulo.module.vpc.aws_vpc.this"
          ]
        }
      ]
    },
    {
      "module": "module.ingest_proxy_saopaulo.module.sg",
      "mode": "managed",
      "type": "aws_security_group_rule",
      "name": "egress_with_cidr_blocks",
      "each": "list",
      "provider": "provider.aws.proxy_saopaulo",
      "instances": []
    },
    {
      "module": "module.ingest_proxy_saopaulo.module.sg",
      "mode": "managed",
      "type": "aws_security_group_rule",
      "name": "egress_with_ipv6_cidr_blocks",
      "each": "list",
      "provider": "provider.aws.proxy_saopaulo",
      "instances": []
    },
    {
      "module": "module.ingest_proxy_saopaulo.module.sg",
      "mode": "managed",
      "type": "aws_security_group_rule",
      "name": "egress_with_self",
      "each": "list",
      "provider": "provider.aws.proxy_saopaulo",
      "instances": []
    },
    {
      "module": "module.ingest_proxy_saopaulo.module.sg",
      "mode": "managed",
      "type": "aws_security_group_rule",
      "name": "egress_with_source_security_group_id",
      "each": "list",
      "provider": "provider.aws.proxy_saopaulo",
      "instances": []
    },
    {
      "module": "module.ingest_proxy_saopaulo.module.sg",
      "mode": "managed",
      "type": "aws_security_group_rule",
      "name": "ingress_rules",
      "each": "list",
      "provider": "provider.aws.proxy_saopaulo",
      "instances": []
    },
    {
      "module": "module.ingest_proxy_saopaulo.module.sg",
      "mode": "managed",
      "type": "aws_security_group_rule",
      "name": "ingress_with_cidr_blocks",
      "each": "list",
      "provider": "provider.aws.proxy_saopaulo",
      "instances": [
        {
          "index_key": 0,
          "schema_version": 2,
          "attributes": {
            "cidr_blocks": [
              "0.0.0.0/0"
            ],
            "description": "rtmp open to public",
            "from_port": 1935,
            "id": "sgrule-4195884033",
            "ipv6_cidr_blocks": [],
            "prefix_list_ids": [],
            "protocol": "tcp",
            "security_group_id": "sg-03506d5b56268aed9",
            "self": false,
            "source_security_group_id": null,
            "to_port": 1935,
            "type": "ingress"
          },
          "private": "eyJzY2hlbWFfdmVyc2lvbiI6IjIifQ==",
          "dependencies": [
            "module.ingest_proxy_saopaulo.module.sg.aws_security_group.this",
            "module.ingest_proxy_saopaulo.module.sg.aws_security_group.this_name_prefix",
            "module.vpc_saopaulo.module.vpc.aws_vpc.this"
          ]
        }
      ]
    },
    {
      "module": "module.ingest_proxy_saopaulo.module.sg",
      "mode": "managed",
      "type": "aws_security_group_rule",
      "name": "ingress_with_ipv6_cidr_blocks",
      "each": "list",
      "provider": "provider.aws.proxy_saopaulo",
      "instances": []
    },
    {
      "module": "module.ingest_proxy_saopaulo.module.sg",
      "mode": "managed",
      "type": "aws_security_group_rule",
      "name": "ingress_with_self",
      "each": "list",
      "provider": "provider.aws.proxy_saopaulo",
      "instances": []
    },
    {
      "module": "module.ingest_proxy_saopaulo.module.sg",
      "mode": "managed",
      "type": "aws_security_group_rule",
      "name": "ingress_with_source_security_group_id",
      "each": "list",
      "provider": "provider.aws.proxy_saopaulo",
      "instances": []
    },
    {
      "module": "module.vpc_saopaulo.module.vpc",
      "mode": "managed",
      "type": "aws_subnet",
      "name": "database",
      "each": "list",
      "provider": "provider.aws.proxy_saopaulo",
      "instances": []
    },
    {
      "module": "module.vpc_saopaulo.module.vpc",
      "mode": "managed",
      "type": "aws_subnet",
      "name": "elasticache",
      "each": "list",
      "provider": "provider.aws.proxy_saopaulo",
      "instances": []
    },
    {
      "module": "module.vpc_saopaulo.module.vpc",
      "mode": "managed",
      "type": "aws_subnet",
      "name": "intra",
      "each": "list",
      "provider": "provider.aws.proxy_saopaulo",
      "instances": []
    },
    {
      "module": "module.vpc_saopaulo.module.vpc",
      "mode": "managed",
      "type": "aws_subnet",
      "name": "private",
      "each": "list",
      "provider": "provider.aws.proxy_saopaulo",
      "instances": [
        {
          "index_key": 0,
          "schema_version": 1,
          "attributes": {
            "arn": "arn:aws:ec2:sa-east-1:726332586568:subnet/subnet-0665f66867f63032f",
            "assign_ipv6_address_on_creation": false,
            "availability_zone": "sa-east-1a",
            "availability_zone_id": "sae1-az1",
            "cidr_block": "10.6.0.0/19",
            "id": "subnet-0665f66867f63032f",
            "ipv6_cidr_block": "",
            "ipv6_cidr_block_association_id": "",
            "map_public_ip_on_launch": false,
            "owner_id": "726332586568",
            "tags": {
              "Name": "prd-stream-multi-saopaulo-private-sa-east-1a",
              "terraform": "true"
            },
            "timeouts": null,
            "vpc_id": "vpc-07427be573f6c9db1"
          },
          "private": "eyJlMmJmYjczMC1lY2FhLTExZTYtOGY4OC0zNDM2M2JjN2M0YzAiOnsiY3JlYXRlIjo2MDAwMDAwMDAwMDAsImRlbGV0ZSI6MTIwMDAwMDAwMDAwMH0sInNjaGVtYV92ZXJzaW9uIjoiMSJ9",
          "dependencies": [
            "module.vpc_saopaulo.module.vpc.aws_vpc.this",
            "module.vpc_saopaulo.module.vpc.aws_vpc_ipv4_cidr_block_association.this"
          ]
        },
        {
          "index_key": 1,
          "schema_version": 1,
          "attributes": {
            "arn": "arn:aws:ec2:sa-east-1:726332586568:subnet/subnet-03516154dfc385ae8",
            "assign_ipv6_address_on_creation": false,
            "availability_zone": "sa-east-1b",
            "availability_zone_id": "sae1-az2",
            "cidr_block": "10.6.64.0/19",
            "id": "subnet-03516154dfc385ae8",
            "ipv6_cidr_block": "",
            "ipv6_cidr_block_association_id": "",
            "map_public_ip_on_launch": false,
            "owner_id": "726332586568",
            "tags": {
              "Name": "prd-stream-multi-saopaulo-private-sa-east-1b",
              "terraform": "true"
            },
            "timeouts": null,
            "vpc_id": "vpc-07427be573f6c9db1"
          },
          "private": "eyJlMmJmYjczMC1lY2FhLTExZTYtOGY4OC0zNDM2M2JjN2M0YzAiOnsiY3JlYXRlIjo2MDAwMDAwMDAwMDAsImRlbGV0ZSI6MTIwMDAwMDAwMDAwMH0sInNjaGVtYV92ZXJzaW9uIjoiMSJ9",
          "dependencies": [
            "module.vpc_saopaulo.module.vpc.aws_vpc.this",
            "module.vpc_saopaulo.module.vpc.aws_vpc_ipv4_cidr_block_association.this"
          ]
        },
        {
          "index_key": 2,
          "schema_version": 1,
          "attributes": {
            "arn": "arn:aws:ec2:sa-east-1:726332586568:subnet/subnet-058f1d7c10542d2be",
            "assign_ipv6_address_on_creation": false,
            "availability_zone": "sa-east-1c",
            "availability_zone_id": "sae1-az3",
            "cidr_block": "10.6.128.0/19",
            "id": "subnet-058f1d7c10542d2be",
            "ipv6_cidr_block": "",
            "ipv6_cidr_block_association_id": "",
            "map_public_ip_on_launch": false,
            "owner_id": "726332586568",
            "tags": {
              "Name": "prd-stream-multi-saopaulo-private-sa-east-1c",
              "terraform": "true"
            },
            "timeouts": null,
            "vpc_id": "vpc-07427be573f6c9db1"
          },
          "private": "eyJlMmJmYjczMC1lY2FhLTExZTYtOGY4OC0zNDM2M2JjN2M0YzAiOnsiY3JlYXRlIjo2MDAwMDAwMDAwMDAsImRlbGV0ZSI6MTIwMDAwMDAwMDAwMH0sInNjaGVtYV92ZXJzaW9uIjoiMSJ9",
          "dependencies": [
            "module.vpc_saopaulo.module.vpc.aws_vpc.this",
            "module.vpc_saopaulo.module.vpc.aws_vpc_ipv4_cidr_block_association.this"
          ]
        }
      ]
    },
    {
      "module": "module.vpc_saopaulo.module.vpc",
      "mode": "managed",
      "type": "aws_subnet",
      "name": "public",
      "each": "list",
      "provider": "provider.aws.proxy_saopaulo",
      "instances": [
        {
          "index_key": 0,
          "schema_version": 1,
          "attributes": {
            "arn": "arn:aws:ec2:sa-east-1:726332586568:subnet/subnet-060b5f299b14a7235",
            "assign_ipv6_address_on_creation": false,
            "availability_zone": "sa-east-1a",
            "availability_zone_id": "sae1-az1",
            "cidr_block": "10.6.32.0/19",
            "id": "subnet-060b5f299b14a7235",
            "ipv6_cidr_block": "",
            "ipv6_cidr_block_association_id": "",
            "map_public_ip_on_launch": true,
            "owner_id": "726332586568",
            "tags": {
              "Name": "prd-stream-multi-saopaulo-public-sa-east-1a",
              "terraform": "true"
            },
            "timeouts": null,
            "vpc_id": "vpc-07427be573f6c9db1"
          },
          "private": "eyJlMmJmYjczMC1lY2FhLTExZTYtOGY4OC0zNDM2M2JjN2M0YzAiOnsiY3JlYXRlIjo2MDAwMDAwMDAwMDAsImRlbGV0ZSI6MTIwMDAwMDAwMDAwMH0sInNjaGVtYV92ZXJzaW9uIjoiMSJ9",
          "dependencies": [
            "module.vpc_saopaulo.module.vpc.aws_vpc.this",
            "module.vpc_saopaulo.module.vpc.aws_vpc_ipv4_cidr_block_association.this"
          ]
        },
        {
          "index_key": 1,
          "schema_version": 1,
          "attributes": {
            "arn": "arn:aws:ec2:sa-east-1:726332586568:subnet/subnet-0b6a79710ccef2745",
            "assign_ipv6_address_on_creation": false,
            "availability_zone": "sa-east-1b",
            "availability_zone_id": "sae1-az2",
            "cidr_block": "10.6.96.0/19",
            "id": "subnet-0b6a79710ccef2745",
            "ipv6_cidr_block": "",
            "ipv6_cidr_block_association_id": "",
            "map_public_ip_on_launch": true,
            "owner_id": "726332586568",
            "tags": {
              "Name": "prd-stream-multi-saopaulo-public-sa-east-1b",
              "terraform": "true"
            },
            "timeouts": null,
            "vpc_id": "vpc-07427be573f6c9db1"
          },
          "private": "eyJlMmJmYjczMC1lY2FhLTExZTYtOGY4OC0zNDM2M2JjN2M0YzAiOnsiY3JlYXRlIjo2MDAwMDAwMDAwMDAsImRlbGV0ZSI6MTIwMDAwMDAwMDAwMH0sInNjaGVtYV92ZXJzaW9uIjoiMSJ9",
          "dependencies": [
            "module.vpc_saopaulo.module.vpc.aws_vpc.this",
            "module.vpc_saopaulo.module.vpc.aws_vpc_ipv4_cidr_block_association.this"
          ]
        },
        {
          "index_key": 2,
          "schema_version": 1,
          "attributes": {
            "arn": "arn:aws:ec2:sa-east-1:726332586568:subnet/subnet-04f1f4acf97a3b8bb",
            "assign_ipv6_address_on_creation": false,
            "availability_zone": "sa-east-1c",
            "availability_zone_id": "sae1-az3",
            "cidr_block": "10.6.160.0/19",
            "id": "subnet-04f1f4acf97a3b8bb",
            "ipv6_cidr_block": "",
            "ipv6_cidr_block_association_id": "",
            "map_public_ip_on_launch": true,
            "owner_id": "726332586568",
            "tags": {
              "Name": "prd-stream-multi-saopaulo-public-sa-east-1c",
              "terraform": "true"
            },
            "timeouts": null,
            "vpc_id": "vpc-07427be573f6c9db1"
          },
          "private": "eyJlMmJmYjczMC1lY2FhLTExZTYtOGY4OC0zNDM2M2JjN2M0YzAiOnsiY3JlYXRlIjo2MDAwMDAwMDAwMDAsImRlbGV0ZSI6MTIwMDAwMDAwMDAwMH0sInNjaGVtYV92ZXJzaW9uIjoiMSJ9",
          "dependencies": [
            "module.vpc_saopaulo.module.vpc.aws_vpc.this",
            "module.vpc_saopaulo.module.vpc.aws_vpc_ipv4_cidr_block_association.this"
          ]
        }
      ]
    },
    {
      "module": "module.vpc_saopaulo.module.vpc",
      "mode": "managed",
      "type": "aws_subnet",
      "name": "redshift",
      "each": "list",
      "provider": "provider.aws.proxy_saopaulo",
      "instances": []
    },
    {
      "module": "module.vpc_saopaulo.module.vpc",
      "mode": "managed",
      "type": "aws_vpc",
      "name": "this",
      "each": "list",
      "provider": "provider.aws.proxy_saopaulo",
      "instances": [
        {
          "index_key": 0,
          "schema_version": 1,
          "attributes": {
            "arn": "arn:aws:ec2:sa-east-1:726332586568:vpc/vpc-07427be573f6c9db1",
            "assign_generated_ipv6_cidr_block": false,
            "cidr_block": "10.6.0.0/16",
            "default_network_acl_id": "acl-0772a48995270b4a2",
            "default_route_table_id": "rtb-0289cdf0bf19e1b9f",
            "default_security_group_id": "sg-0ca7bee403829797a",
            "dhcp_options_id": "dopt-131e3b77",
            "enable_classiclink": false,
            "enable_classiclink_dns_support": false,
            "enable_dns_hostnames": true,
            "enable_dns_support": true,
            "id": "vpc-07427be573f6c9db1",
            "instance_tenancy": "default",
            "ipv6_association_id": "",
            "ipv6_cidr_block": "",
            "main_route_table_id": "rtb-0289cdf0bf19e1b9f",
            "owner_id": "726332586568",
            "tags": {
              "Name": "prd-stream-multi-saopaulo",
              "terraform": "true"
            }
          },
          "private": "eyJzY2hlbWFfdmVyc2lvbiI6IjEifQ=="
        }
      ]
    },
    {
      "module": "module.vpc_saopaulo.module.vpc",
      "mode": "managed",
      "type": "aws_vpc_dhcp_options",
      "name": "this",
      "each": "list",
      "provider": "provider.aws.proxy_saopaulo",
      "instances": []
    },
    {
      "module": "module.vpc_saopaulo.module.vpc",
      "mode": "managed",
      "type": "aws_vpc_dhcp_options_association",
      "name": "this",
      "each": "list",
      "provider": "provider.aws.proxy_saopaulo",
      "instances": []
    },
    {
      "module": "module.vpc_saopaulo.module.vpc",
      "mode": "managed",
      "type": "aws_vpc_endpoint",
      "name": "apigw",
      "each": "list",
      "provider": "provider.aws.proxy_saopaulo",
      "instances": []
    },
    {
      "module": "module.vpc_saopaulo.module.vpc",
      "mode": "managed",
      "type": "aws_vpc_endpoint",
      "name": "appmesh_envoy_management",
      "each": "list",
      "provider": "provider.aws.proxy_saopaulo",
      "instances": []
    },
    {
      "module": "module.vpc_saopaulo.module.vpc",
      "mode": "managed",
      "type": "aws_vpc_endpoint",
      "name": "appstream",
      "each": "list",
      "provider": "provider.aws.proxy_saopaulo",
      "instances": []
    },
    {
      "module": "module.vpc_saopaulo.module.vpc",
      "mode": "managed",
      "type": "aws_vpc_endpoint",
      "name": "athena",
      "each": "list",
      "provider": "provider.aws.proxy_saopaulo",
      "instances": []
    },
    {
      "module": "module.vpc_saopaulo.module.vpc",
      "mode": "managed",
      "type": "aws_vpc_endpoint",
      "name": "cloud_directory",
      "each": "list",
      "provider": "provider.aws.proxy_saopaulo",
      "instances": []
    },
    {
      "module": "module.vpc_saopaulo.module.vpc",
      "mode": "managed",
      "type": "aws_vpc_endpoint",
      "name": "cloudformation",
      "each": "list",
      "provider": "provider.aws.proxy_saopaulo",
      "instances": []
    },
    {
      "module": "module.vpc_saopaulo.module.vpc",
      "mode": "managed",
      "type": "aws_vpc_endpoint",
      "name": "cloudtrail",
      "each": "list",
      "provider": "provider.aws.proxy_saopaulo",
      "instances": []
    },
    {
      "module": "module.vpc_saopaulo.module.vpc",
      "mode": "managed",
      "type": "aws_vpc_endpoint",
      "name": "codebuild",
      "each": "list",
      "provider": "provider.aws.proxy_saopaulo",
      "instances": []
    },
    {
      "module": "module.vpc_saopaulo.module.vpc",
      "mode": "managed",
      "type": "aws_vpc_endpoint",
      "name": "codecommit",
      "each": "list",
      "provider": "provider.aws.proxy_saopaulo",
      "instances": []
    },
    {
      "module": "module.vpc_saopaulo.module.vpc",
      "mode": "managed",
      "type": "aws_vpc_endpoint",
      "name": "codepipeline",
      "each": "list",
      "provider": "provider.aws.proxy_saopaulo",
      "instances": []
    },
    {
      "module": "module.vpc_saopaulo.module.vpc",
      "mode": "managed",
      "type": "aws_vpc_endpoint",
      "name": "config",
      "each": "list",
      "provider": "provider.aws.proxy_saopaulo",
      "instances": []
    },
    {
      "module": "module.vpc_saopaulo.module.vpc",
      "mode": "managed",
      "type": "aws_vpc_endpoint",
      "name": "dynamodb",
      "each": "list",
      "provider": "provider.aws.proxy_saopaulo",
      "instances": []
    },
    {
      "module": "module.vpc_saopaulo.module.vpc",
      "mode": "managed",
      "type": "aws_vpc_endpoint",
      "name": "ec2",
      "each": "list",
      "provider": "provider.aws.proxy_saopaulo",
      "instances": []
    },
    {
      "module": "module.vpc_saopaulo.module.vpc",
      "mode": "managed",
      "type": "aws_vpc_endpoint",
      "name": "ec2messages",
      "each": "list",
      "provider": "provider.aws.proxy_saopaulo",
      "instances": []
    },
    {
      "module": "module.vpc_saopaulo.module.vpc",
      "mode": "managed",
      "type": "aws_vpc_endpoint",
      "name": "ecr_api",
      "each": "list",
      "provider": "provider.aws.proxy_saopaulo",
      "instances": []
    },
    {
      "module": "module.vpc_saopaulo.module.vpc",
      "mode": "managed",
      "type": "aws_vpc_endpoint",
      "name": "ecr_dkr",
      "each": "list",
      "provider": "provider.aws.proxy_saopaulo",
      "instances": []
    },
    {
      "module": "module.vpc_saopaulo.module.vpc",
      "mode": "managed",
      "type": "aws_vpc_endpoint",
      "name": "ecs",
      "each": "list",
      "provider": "provider.aws.proxy_saopaulo",
      "instances": []
    },
    {
      "module": "module.vpc_saopaulo.module.vpc",
      "mode": "managed",
      "type": "aws_vpc_endpoint",
      "name": "ecs_agent",
      "each": "list",
      "provider": "provider.aws.proxy_saopaulo",
      "instances": []
    },
    {
      "module": "module.vpc_saopaulo.module.vpc",
      "mode": "managed",
      "type": "aws_vpc_endpoint",
      "name": "ecs_telemetry",
      "each": "list",
      "provider": "provider.aws.proxy_saopaulo",
      "instances": []
    },
    {
      "module": "module.vpc_saopaulo.module.vpc",
      "mode": "managed",
      "type": "aws_vpc_endpoint",
      "name": "efs",
      "each": "list",
      "provider": "provider.aws.proxy_saopaulo",
      "instances": []
    },
    {
      "module": "module.vpc_saopaulo.module.vpc",
      "mode": "managed",
      "type": "aws_vpc_endpoint",
      "name": "elasticloadbalancing",
      "each": "list",
      "provider": "provider.aws.proxy_saopaulo",
      "instances": []
    },
    {
      "module": "module.vpc_saopaulo.module.vpc",
      "mode": "managed",
      "type": "aws_vpc_endpoint",
      "name": "events",
      "each": "list",
      "provider": "provider.aws.proxy_saopaulo",
      "instances": []
    },
    {
      "module": "module.vpc_saopaulo.module.vpc",
      "mode": "managed",
      "type": "aws_vpc_endpoint",
      "name": "git_codecommit",
      "each": "list",
      "provider": "provider.aws.proxy_saopaulo",
      "instances": []
    },
    {
      "module": "module.vpc_saopaulo.module.vpc",
      "mode": "managed",
      "type": "aws_vpc_endpoint",
      "name": "glue",
      "each": "list",
      "provider": "provider.aws.proxy_saopaulo",
      "instances": []
    },
    {
      "module": "module.vpc_saopaulo.module.vpc",
      "mode": "managed",
      "type": "aws_vpc_endpoint",
      "name": "kinesis_firehose",
      "each": "list",
      "provider": "provider.aws.proxy_saopaulo",
      "instances": []
    },
    {
      "module": "module.vpc_saopaulo.module.vpc",
      "mode": "managed",
      "type": "aws_vpc_endpoint",
      "name": "kinesis_streams",
      "each": "list",
      "provider": "provider.aws.proxy_saopaulo",
      "instances": []
    },
    {
      "module": "module.vpc_saopaulo.module.vpc",
      "mode": "managed",
      "type": "aws_vpc_endpoint",
      "name": "kms",
      "each": "list",
      "provider": "provider.aws.proxy_saopaulo",
      "instances": []
    },
    {
      "module": "module.vpc_saopaulo.module.vpc",
      "mode": "managed",
      "type": "aws_vpc_endpoint",
      "name": "logs",
      "each": "list",
      "provider": "provider.aws.proxy_saopaulo",
      "instances": []
    },
    {
      "module": "module.vpc_saopaulo.module.vpc",
      "mode": "managed",
      "type": "aws_vpc_endpoint",
      "name": "monitoring",
      "each": "list",
      "provider": "provider.aws.proxy_saopaulo",
      "instances": []
    },
    {
      "module": "module.vpc_saopaulo.module.vpc",
      "mode": "managed",
      "type": "aws_vpc_endpoint",
      "name": "rekognition",
      "each": "list",
      "provider": "provider.aws.proxy_saopaulo",
      "instances": []
    },
    {
      "module": "module.vpc_saopaulo.module.vpc",
      "mode": "managed",
      "type": "aws_vpc_endpoint",
      "name": "s3",
      "each": "list",
      "provider": "provider.aws.proxy_saopaulo",
      "instances": []
    },
    {
      "module": "module.vpc_saopaulo.module.vpc",
      "mode": "managed",
      "type": "aws_vpc_endpoint",
      "name": "sagemaker_api",
      "each": "list",
      "provider": "provider.aws.proxy_saopaulo",
      "instances": []
    },
    {
      "module": "module.vpc_saopaulo.module.vpc",
      "mode": "managed",
      "type": "aws_vpc_endpoint",
      "name": "sagemaker_notebook",
      "each": "list",
      "provider": "provider.aws.proxy_saopaulo",
      "instances": []
    },
    {
      "module": "module.vpc_saopaulo.module.vpc",
      "mode": "managed",
      "type": "aws_vpc_endpoint",
      "name": "sagemaker_runtime",
      "each": "list",
      "provider": "provider.aws.proxy_saopaulo",
      "instances": []
    },
    {
      "module": "module.vpc_saopaulo.module.vpc",
      "mode": "managed",
      "type": "aws_vpc_endpoint",
      "name": "secretsmanager",
      "each": "list",
      "provider": "provider.aws.proxy_saopaulo",
      "instances": []
    },
    {
      "module": "module.vpc_saopaulo.module.vpc",
      "mode": "managed",
      "type": "aws_vpc_endpoint",
      "name": "servicecatalog",
      "each": "list",
      "provider": "provider.aws.proxy_saopaulo",
      "instances": []
    },
    {
      "module": "module.vpc_saopaulo.module.vpc",
      "mode": "managed",
      "type": "aws_vpc_endpoint",
      "name": "sns",
      "each": "list",
      "provider": "provider.aws.proxy_saopaulo",
      "instances": []
    },
    {
      "module": "module.vpc_saopaulo.module.vpc",
      "mode": "managed",
      "type": "aws_vpc_endpoint",
      "name": "sqs",
      "each": "list",
      "provider": "provider.aws.proxy_saopaulo",
      "instances": []
    },
    {
      "module": "module.vpc_saopaulo.module.vpc",
      "mode": "managed",
      "type": "aws_vpc_endpoint",
      "name": "ssm",
      "each": "list",
      "provider": "provider.aws.proxy_saopaulo",
      "instances": []
    },
    {
      "module": "module.vpc_saopaulo.module.vpc",
      "mode": "managed",
      "type": "aws_vpc_endpoint",
      "name": "ssmmessages",
      "each": "list",
      "provider": "provider.aws.proxy_saopaulo",
      "instances": []
    },
    {
      "module": "module.vpc_saopaulo.module.vpc",
      "mode": "managed",
      "type": "aws_vpc_endpoint",
      "name": "storagegateway",
      "each": "list",
      "provider": "provider.aws.proxy_saopaulo",
      "instances": []
    },
    {
      "module": "module.vpc_saopaulo.module.vpc",
      "mode": "managed",
      "type": "aws_vpc_endpoint",
      "name": "sts",
      "each": "list",
      "provider": "provider.aws.proxy_saopaulo",
      "instances": []
    },
    {
      "module": "module.vpc_saopaulo.module.vpc",
      "mode": "managed",
      "type": "aws_vpc_endpoint",
      "name": "transfer",
      "each": "list",
      "provider": "provider.aws.proxy_saopaulo",
      "instances": []
    },
    {
      "module": "module.vpc_saopaulo.module.vpc",
      "mode": "managed",
      "type": "aws_vpc_endpoint",
      "name": "transferserver",
      "each": "list",
      "provider": "provider.aws.proxy_saopaulo",
      "instances": []
    },
    {
      "module": "module.vpc_saopaulo.module.vpc",
      "mode": "managed",
      "type": "aws_vpc_endpoint_route_table_association",
      "name": "intra_dynamodb",
      "each": "list",
      "provider": "provider.aws.proxy_saopaulo",
      "instances": []
    },
    {
      "module": "module.vpc_saopaulo.module.vpc",
      "mode": "managed",
      "type": "aws_vpc_endpoint_route_table_association",
      "name": "intra_s3",
      "each": "list",
      "provider": "provider.aws.proxy_saopaulo",
      "instances": []
    },
    {
      "module": "module.vpc_saopaulo.module.vpc",
      "mode": "managed",
      "type": "aws_vpc_endpoint_route_table_association",
      "name": "private_dynamodb",
      "each": "list",
      "provider": "provider.aws.proxy_saopaulo",
      "instances": []
    },
    {
      "module": "module.vpc_saopaulo.module.vpc",
      "mode": "managed",
      "type": "aws_vpc_endpoint_route_table_association",
      "name": "private_s3",
      "each": "list",
      "provider": "provider.aws.proxy_saopaulo",
      "instances": []
    },
    {
      "module": "module.vpc_saopaulo.module.vpc",
      "mode": "managed",
      "type": "aws_vpc_endpoint_route_table_association",
      "name": "public_dynamodb",
      "each": "list",
      "provider": "provider.aws.proxy_saopaulo",
      "instances": []
    },
    {
      "module": "module.vpc_saopaulo.module.vpc",
      "mode": "managed",
      "type": "aws_vpc_endpoint_route_table_association",
      "name": "public_s3",
      "each": "list",
      "provider": "provider.aws.proxy_saopaulo",
      "instances": []
    },
    {
      "module": "module.vpc_saopaulo.module.vpc",
      "mode": "managed",
      "type": "aws_vpc_ipv4_cidr_block_association",
      "name": "this",
      "each": "list",
      "provider": "provider.aws.proxy_saopaulo",
      "instances": []
    },
    {
      "module": "module.vpc_peering_saopaulo_to_frankfurt",
      "mode": "managed",
      "type": "aws_vpc_peering_connection",
      "name": "this",
      "provider": "provider.aws.proxy_saopaulo",
      "instances": [
        {
          "schema_version": 0,
          "attributes": {
            "accept_status": "active",
            "accepter": [
              {
                "allow_classic_link_to_remote_vpc": false,
                "allow_remote_vpc_dns_resolution": false,
                "allow_vpc_to_remote_classic_link": false
              }
            ],
            "auto_accept": null,
            "id": "pcx-0432145f14263ea1f",
            "peer_owner_id": "726332586568",
            "peer_region": "eu-central-1",
            "peer_vpc_id": "vpc-0e69ca109fd8fd88b",
            "requester": [
              {
                "allow_classic_link_to_remote_vpc": false,
                "allow_remote_vpc_dns_resolution": false,
                "allow_vpc_to_remote_classic_link": false
              }
            ],
            "tags": {
              "Name": "v200324-vpc-peering-saopaulo-to-frankfurt",
              "Side": "Requester",
              "terraform": "true"
            },
            "timeouts": null,
            "vpc_id": "vpc-07427be573f6c9db1"
          },
          "private": "eyJlMmJmYjczMC1lY2FhLTExZTYtOGY4OC0zNDM2M2JjN2M0YzAiOnsiY3JlYXRlIjo2MDAwMDAwMDAwMCwiZGVsZXRlIjo2MDAwMDAwMDAwMCwidXBkYXRlIjo2MDAwMDAwMDAwMH19",
          "dependencies": [
            "module.vpc_saopaulo.module.vpc.aws_vpc.this"
          ]
        }
      ]
    },
    {
      "module": "module.vpc_peering_saopaulo_to_frankfurt",
      "mode": "managed",
      "type": "aws_vpc_peering_connection_accepter",
      "name": "peer_accepter",
      "provider": "provider.aws.core",
      "instances": [
        {
          "schema_version": 0,
          "attributes": {
            "accept_status": "active",
            "accepter": [
              {
                "allow_classic_link_to_remote_vpc": false,
                "allow_remote_vpc_dns_resolution": false,
                "allow_vpc_to_remote_classic_link": false
              }
            ],
            "auto_accept": true,
            "id": "pcx-0432145f14263ea1f",
            "peer_owner_id": "726332586568",
            "peer_region": "eu-central-1",
            "peer_vpc_id": "vpc-0e69ca109fd8fd88b",
            "requester": [
              {
                "allow_classic_link_to_remote_vpc": false,
                "allow_remote_vpc_dns_resolution": false,
                "allow_vpc_to_remote_classic_link": false
              }
            ],
            "tags": {
              "Name": "v200324-vpc-peering-saopaulo-to-frankfurt",
              "Side": "Accepter",
              "terraform": "true"
            },
            "vpc_id": "vpc-07427be573f6c9db1",
            "vpc_peering_connection_id": "pcx-0432145f14263ea1f"
          },
          "private": "bnVsbA==",
          "dependencies": [
            "module.vpc_peering_saopaulo_to_frankfurt.aws_vpc_peering_connection.this",
            "module.vpc_saopaulo.module.vpc.aws_vpc.this"
          ]
        }
      ]
    },
    {
      "module": "module.vpc_peering_saopaulo_to_frankfurt",
      "mode": "managed",
      "type": "aws_vpc_peering_connection_options",
      "name": "accepter",
      "provider": "provider.aws.core",
      "instances": [
        {
          "schema_version": 0,
          "attributes": {
            "accepter": [
              {
                "allow_classic_link_to_remote_vpc": false,
                "allow_remote_vpc_dns_resolution": false,
                "allow_vpc_to_remote_classic_link": false
              }
            ],
            "id": "pcx-0432145f14263ea1f",
            "requester": [
              {
                "allow_classic_link_to_remote_vpc": false,
                "allow_remote_vpc_dns_resolution": false,
                "allow_vpc_to_remote_classic_link": false
              }
            ],
            "vpc_peering_connection_id": "pcx-0432145f14263ea1f"
          },
          "private": "bnVsbA==",
          "dependencies": [
            "module.vpc_peering_saopaulo_to_frankfurt.aws_vpc_peering_connection.this",
            "module.vpc_peering_saopaulo_to_frankfurt.aws_vpc_peering_connection_accepter.peer_accepter",
            "module.vpc_saopaulo.module.vpc.aws_vpc.this"
          ]
        }
      ]
    },
    {
      "module": "module.vpc_peering_saopaulo_to_frankfurt",
      "mode": "managed",
      "type": "aws_vpc_peering_connection_options",
      "name": "this",
      "provider": "provider.aws.proxy_saopaulo",
      "instances": [
        {
          "schema_version": 0,
          "attributes": {
            "accepter": [
              {
                "allow_classic_link_to_remote_vpc": false,
                "allow_remote_vpc_dns_resolution": false,
                "allow_vpc_to_remote_classic_link": false
              }
            ],
            "id": "pcx-0432145f14263ea1f",
            "requester": [
              {
                "allow_classic_link_to_remote_vpc": false,
                "allow_remote_vpc_dns_resolution": false,
                "allow_vpc_to_remote_classic_link": false
              }
            ],
            "vpc_peering_connection_id": "pcx-0432145f14263ea1f"
          },
          "private": "bnVsbA==",
          "dependencies": [
            "module.vpc_peering_saopaulo_to_frankfurt.aws_vpc_peering_connection.this",
            "module.vpc_peering_saopaulo_to_frankfurt.aws_vpc_peering_connection_accepter.peer_accepter",
            "module.vpc_saopaulo.module.vpc.aws_vpc.this"
          ]
        }
      ]
    },
    {
      "module": "module.vpc_saopaulo.module.vpc",
      "mode": "managed",
      "type": "aws_vpn_gateway",
      "name": "this",
      "each": "list",
      "provider": "provider.aws.proxy_saopaulo",
      "instances": []
    },
    {
      "module": "module.vpc_saopaulo.module.vpc",
      "mode": "managed",
      "type": "aws_vpn_gateway_attachment",
      "name": "this",
      "each": "list",
      "provider": "provider.aws.proxy_saopaulo",
      "instances": []
    },
    {
      "module": "module.vpc_saopaulo.module.vpc",
      "mode": "managed",
      "type": "aws_vpn_gateway_route_propagation",
      "name": "private",
      "each": "list",
      "provider": "provider.aws.proxy_saopaulo",
      "instances": []
    },
    {
      "module": "module.vpc_saopaulo.module.vpc",
      "mode": "managed",
      "type": "aws_vpn_gateway_route_propagation",
      "name": "public",
      "each": "list",
      "provider": "provider.aws.proxy_saopaulo",
      "instances": []
    },
    {
      "mode": "managed",
      "type": "null_resource",
      "name": "ingest_proxy_hosts",
      "provider": "provider.null",
      "instances": [
        {
          "schema_version": 0,
          "attributes": {
            "id": "4028127345691493572",
            "triggers": {
              "ren_gen_always": "eeb640059a6e4cfe",
              "template_rendered": "[balancer]\n10.6.43.231 dns=ec2-54-233-90-74.sa-east-1.compute.amazonaws.com instance_id=i-0aaee8be426f5a478 alloc_id=ip-10-6-43-231.sa-east-1.compute.internal\n\n[all:vars]\nansible_ssh_private_key_file=~/prd-stream-v20200324.pem\nansible_user=ubuntu\nregion=saopaulo\nenv_region_tag=prd_saopaulo\nv_tag=v200324"
            }
          },
          "private": "bnVsbA==",
          "dependencies": [
            "random_id.always"
          ]
        }
      ]
    },
    {
      "mode": "managed",
      "type": "null_resource",
      "name": "run_ansible_playbook_for_ingest_proxy",
      "provider": "provider.null",
      "instances": [
        {
          "schema_version": 0,
          "attributes": {
            "id": "5910766523125360481",
            "triggers": {}
          },
          "private": "bnVsbA==",
          "dependencies": [
            "null_resource.ingest_proxy_hosts",
            "null_resource.scp_ansible_dir",
            "random_id.always"
          ]
        }
      ]
    },
    {
      "mode": "managed",
      "type": "null_resource",
      "name": "scp_ansible_dir",
      "provider": "provider.null",
      "instances": [
        {
          "schema_version": 0,
          "attributes": {
            "id": "5336831874826469595",
            "triggers": {}
          },
          "private": "bnVsbA==",
          "dependencies": [
            "null_resource.ingest_proxy_hosts",
            "random_id.always"
          ]
        }
      ]
    },
    {
      "mode": "managed",
      "type": "random_id",
      "name": "always",
      "provider": "provider.random",
      "instances": [
        {
          "schema_version": 0,
          "attributes": {
            "b64": "7rZABZpuTP4",
            "b64_std": "7rZABZpuTP4=",
            "b64_url": "7rZABZpuTP4",
            "byte_length": 8,
            "dec": "17201006219598122238",
            "hex": "eeb640059a6e4cfe",
            "id": "7rZABZpuTP4",
            "keepers": {
              "tm": "2020-03-27T08:32:10Z"
            },
            "prefix": null
          },
          "private": "bnVsbA=="
        }
      ]
    }
  ]
}
